// !$*UTF8*$!
{
	archiveVersion = 1;
	classes = {
	};
	objectVersion = 46;
	objects = {

/* Begin PBXBuildFile section */
		44101A851E3E64F200BB96B1 /* DiscoverEatHelpViewController.m in Sources */ = {isa = PBXBuildFile; fileRef = 44101A841E3E64F200BB96B1 /* DiscoverEatHelpViewController.m */; };
		44101A881E46AEE100BB96B1 /* SYPopOut.m in Sources */ = {isa = PBXBuildFile; fileRef = 44101A871E46AEE100BB96B1 /* SYPopOut.m */; };
		4426A0D51E4FD44600D91D6F /* EatRegion_cn.txt in Resources */ = {isa = PBXBuildFile; fileRef = 4426A0D41E4FD44600D91D6F /* EatRegion_cn.txt */; };
		4426A0D81E4FD7B300D91D6F /* DiscoverEatShareViewController.m in Sources */ = {isa = PBXBuildFile; fileRef = 4426A0D71E4FD7B300D91D6F /* DiscoverEatShareViewController.m */; };
		4426A0DB1E4FD97800D91D6F /* DiscoverEatShareRegionViewController.m in Sources */ = {isa = PBXBuildFile; fileRef = 4426A0DA1E4FD97800D91D6F /* DiscoverEatShareRegionViewController.m */; };
		4426A0DE1E4FF22B00D91D6F /* EatFood_cn.txt in Resources */ = {isa = PBXBuildFile; fileRef = 4426A0DC1E4FF22B00D91D6F /* EatFood_cn.txt */; };
		4426A0DF1E4FF22B00D91D6F /* EatSubRegion_cn.txt in Resources */ = {isa = PBXBuildFile; fileRef = 4426A0DD1E4FF22B00D91D6F /* EatSubRegion_cn.txt */; };
		442F48371E31CC0F00FB0561 /* main.m in Sources */ = {isa = PBXBuildFile; fileRef = 442F48361E31CC0F00FB0561 /* main.m */; };
		442F483A1E31CC0F00FB0561 /* AppDelegate.m in Sources */ = {isa = PBXBuildFile; fileRef = 442F48391E31CC0F00FB0561 /* AppDelegate.m */; };
		442F48431E31CC0F00FB0561 /* Main.storyboard in Resources */ = {isa = PBXBuildFile; fileRef = 442F48411E31CC0F00FB0561 /* Main.storyboard */; };
		442F48451E31CC0F00FB0561 /* Assets.xcassets in Resources */ = {isa = PBXBuildFile; fileRef = 442F48441E31CC0F00FB0561 /* Assets.xcassets */; };
		442F48481E31CC0F00FB0561 /* LaunchScreen.storyboard in Resources */ = {isa = PBXBuildFile; fileRef = 442F48461E31CC0F00FB0561 /* LaunchScreen.storyboard */; };
		442F48531E31CC1000FB0561 /* SharmunityTests.m in Sources */ = {isa = PBXBuildFile; fileRef = 442F48521E31CC1000FB0561 /* SharmunityTests.m */; };
		442F485E1E31CC1000FB0561 /* SharmunityUITests.m in Sources */ = {isa = PBXBuildFile; fileRef = 442F485D1E31CC1000FB0561 /* SharmunityUITests.m */; };
		442F486D1E31D11500FB0561 /* LaunchScreenViewController.m in Sources */ = {isa = PBXBuildFile; fileRef = 442F486C1E31D11500FB0561 /* LaunchScreenViewController.m */; };
		442F48731E31D2F600FB0561 /* WelcomeViewController.m in Sources */ = {isa = PBXBuildFile; fileRef = 442F48721E31D2F600FB0561 /* WelcomeViewController.m */; };
		442F48771E31D4ED00FB0561 /* MainTabBarViewController.m in Sources */ = {isa = PBXBuildFile; fileRef = 442F48761E31D4ED00FB0561 /* MainTabBarViewController.m */; };
		442F487C1E31DE4B00FB0561 /* SignUpViewController.m in Sources */ = {isa = PBXBuildFile; fileRef = 442F487B1E31DE4B00FB0561 /* SignUpViewController.m */; };
		442F48801E31E03D00FB0561 /* SYSignUpEmail.m in Sources */ = {isa = PBXBuildFile; fileRef = 442F487F1E31E03D00FB0561 /* SYSignUpEmail.m */; };
		4449115E1E5F849A000F3218 /* SYTextField.m in Sources */ = {isa = PBXBuildFile; fileRef = 4449115D1E5F849A000F3218 /* SYTextField.m */; };
		444911621E5F8689000F3218 /* SYTextView.m in Sources */ = {isa = PBXBuildFile; fileRef = 444911611E5F8689000F3218 /* SYTextView.m */; };
		4470840D1E542BF800DEAB75 /* DiscoverPlayShareActiveViewController.m in Sources */ = {isa = PBXBuildFile; fileRef = 4470840C1E542BF800DEAB75 /* DiscoverPlayShareActiveViewController.m */; };
		4470840F1E54BC9800DEAB75 /* PlayType_cn.txt in Resources */ = {isa = PBXBuildFile; fileRef = 4470840E1E54BC9800DEAB75 /* PlayType_cn.txt */; };
		447084121E54E9A600DEAB75 /* DiscoverPlayHelpActiveViewController.m in Sources */ = {isa = PBXBuildFile; fileRef = 447084111E54E9A600DEAB75 /* DiscoverPlayHelpActiveViewController.m */; };
		447084191E54FEB800DEAB75 /* ChoiceDetailViewController.m in Sources */ = {isa = PBXBuildFile; fileRef = 447084181E54FEB800DEAB75 /* ChoiceDetailViewController.m */; };
		4470841E1E54FEFC00DEAB75 /* SYProfileHead.m in Sources */ = {isa = PBXBuildFile; fileRef = 4470841D1E54FEFC00DEAB75 /* SYProfileHead.m */; };
		447084221E5512FC00DEAB75 /* SYChoiceDetail.m in Sources */ = {isa = PBXBuildFile; fileRef = 447084211E5512FC00DEAB75 /* SYChoiceDetail.m */; };
		447084261E55715800DEAB75 /* SYProfileExtend.m in Sources */ = {isa = PBXBuildFile; fileRef = 447084251E55715800DEAB75 /* SYProfileExtend.m */; };
		447084291E5578CB00DEAB75 /* DiscoverTravelHelpSecondViewController.m in Sources */ = {isa = PBXBuildFile; fileRef = 447084281E5578CB00DEAB75 /* DiscoverTravelHelpSecondViewController.m */; };
		447E40DC1E3271E40010CAA4 /* SYSuscard.m in Sources */ = {isa = PBXBuildFile; fileRef = 447E40DB1E3271E40010CAA4 /* SYSuscard.m */; };
		447E40E01E32789F0010CAA4 /* SYSignUpPassword.m in Sources */ = {isa = PBXBuildFile; fileRef = 447E40DF1E32789F0010CAA4 /* SYSignUpPassword.m */; };
		447E40F91E327D0D0010CAA4 /* License Agreement for SF UI Font.pdf in Resources */ = {isa = PBXBuildFile; fileRef = 447E40E31E327D0C0010CAA4 /* License Agreement for SF UI Font.pdf */; };
		447E40FA1E327D0D0010CAA4 /* SF-UI-Display-Black.otf in Resources */ = {isa = PBXBuildFile; fileRef = 447E40E41E327D0C0010CAA4 /* SF-UI-Display-Black.otf */; };
		447E40FB1E327D0D0010CAA4 /* SF-UI-Display-Bold.otf in Resources */ = {isa = PBXBuildFile; fileRef = 447E40E51E327D0C0010CAA4 /* SF-UI-Display-Bold.otf */; };
		447E40FC1E327D0D0010CAA4 /* SF-UI-Display-Heavy.otf in Resources */ = {isa = PBXBuildFile; fileRef = 447E40E61E327D0C0010CAA4 /* SF-UI-Display-Heavy.otf */; };
		447E40FD1E327D0D0010CAA4 /* SF-UI-Display-Light.otf in Resources */ = {isa = PBXBuildFile; fileRef = 447E40E71E327D0C0010CAA4 /* SF-UI-Display-Light.otf */; };
		447E40FE1E327D0D0010CAA4 /* SF-UI-Display-Medium.otf in Resources */ = {isa = PBXBuildFile; fileRef = 447E40E81E327D0C0010CAA4 /* SF-UI-Display-Medium.otf */; };
		447E40FF1E327D0D0010CAA4 /* SF-UI-Display-Regular.otf in Resources */ = {isa = PBXBuildFile; fileRef = 447E40E91E327D0C0010CAA4 /* SF-UI-Display-Regular.otf */; };
		447E41001E327D0D0010CAA4 /* SF-UI-Display-Semibold.otf in Resources */ = {isa = PBXBuildFile; fileRef = 447E40EA1E327D0C0010CAA4 /* SF-UI-Display-Semibold.otf */; };
		447E41011E327D0D0010CAA4 /* SF-UI-Display-Thin.otf in Resources */ = {isa = PBXBuildFile; fileRef = 447E40EB1E327D0C0010CAA4 /* SF-UI-Display-Thin.otf */; };
		447E41021E327D0D0010CAA4 /* SF-UI-Display-Ultralight.otf in Resources */ = {isa = PBXBuildFile; fileRef = 447E40EC1E327D0C0010CAA4 /* SF-UI-Display-Ultralight.otf */; };
		447E41031E327D0D0010CAA4 /* SF-UI-Text-Bold.otf in Resources */ = {isa = PBXBuildFile; fileRef = 447E40ED1E327D0C0010CAA4 /* SF-UI-Text-Bold.otf */; };
		447E41041E327D0D0010CAA4 /* SF-UI-Text-BoldItalic.otf in Resources */ = {isa = PBXBuildFile; fileRef = 447E40EE1E327D0C0010CAA4 /* SF-UI-Text-BoldItalic.otf */; };
		447E41051E327D0D0010CAA4 /* SF-UI-Text-Heavy.otf in Resources */ = {isa = PBXBuildFile; fileRef = 447E40EF1E327D0D0010CAA4 /* SF-UI-Text-Heavy.otf */; };
		447E41061E327D0D0010CAA4 /* SF-UI-Text-HeavyItalic.otf in Resources */ = {isa = PBXBuildFile; fileRef = 447E40F01E327D0D0010CAA4 /* SF-UI-Text-HeavyItalic.otf */; };
		447E41071E327D0D0010CAA4 /* SF-UI-Text-Light.otf in Resources */ = {isa = PBXBuildFile; fileRef = 447E40F11E327D0D0010CAA4 /* SF-UI-Text-Light.otf */; };
		447E41081E327D0D0010CAA4 /* SF-UI-Text-LightItalic.otf in Resources */ = {isa = PBXBuildFile; fileRef = 447E40F21E327D0D0010CAA4 /* SF-UI-Text-LightItalic.otf */; };
		447E41091E327D0D0010CAA4 /* SF-UI-Text-Medium.otf in Resources */ = {isa = PBXBuildFile; fileRef = 447E40F31E327D0D0010CAA4 /* SF-UI-Text-Medium.otf */; };
		447E410A1E327D0D0010CAA4 /* SF-UI-Text-MediumItalic.otf in Resources */ = {isa = PBXBuildFile; fileRef = 447E40F41E327D0D0010CAA4 /* SF-UI-Text-MediumItalic.otf */; };
		447E410B1E327D0D0010CAA4 /* SF-UI-Text-Regular.otf in Resources */ = {isa = PBXBuildFile; fileRef = 447E40F51E327D0D0010CAA4 /* SF-UI-Text-Regular.otf */; };
		447E410C1E327D0D0010CAA4 /* SF-UI-Text-RegularItalic.otf in Resources */ = {isa = PBXBuildFile; fileRef = 447E40F61E327D0D0010CAA4 /* SF-UI-Text-RegularItalic.otf */; };
		447E410D1E327D0D0010CAA4 /* SF-UI-Text-Semibold.otf in Resources */ = {isa = PBXBuildFile; fileRef = 447E40F71E327D0D0010CAA4 /* SF-UI-Text-Semibold.otf */; };
		447E410E1E327D0D0010CAA4 /* SF-UI-Text-SemiboldItalic.otf in Resources */ = {isa = PBXBuildFile; fileRef = 447E40F81E327D0D0010CAA4 /* SF-UI-Text-SemiboldItalic.otf */; };
		447E41111E327FD90010CAA4 /* VerificationWarningViewController.m in Sources */ = {isa = PBXBuildFile; fileRef = 447E41101E327FD90010CAA4 /* VerificationWarningViewController.m */; };
		447E41161E3296EF0010CAA4 /* AccountMainViewController.m in Sources */ = {isa = PBXBuildFile; fileRef = 447E41151E3296EF0010CAA4 /* AccountMainViewController.m */; };
		447E41191E32B0030010CAA4 /* DiscoverMainViewController.m in Sources */ = {isa = PBXBuildFile; fileRef = 447E41181E32B0030010CAA4 /* DiscoverMainViewController.m */; };
		447E411E1E32B5010010CAA4 /* SYCell.m in Sources */ = {isa = PBXBuildFile; fileRef = 447E411D1E32B5010010CAA4 /* SYCell.m */; };
		447E41221E32BE3C0010CAA4 /* MapKit.framework in Frameworks */ = {isa = PBXBuildFile; fileRef = 447E41211E32BE3C0010CAA4 /* MapKit.framework */; };
		44A173E11E52354000FABC4F /* DiscoverLearnShareViewController.m in Sources */ = {isa = PBXBuildFile; fileRef = 44A173E01E52354000FABC4F /* DiscoverLearnShareViewController.m */; };
		44A173E41E52355A00FABC4F /* DiscoverLearnHelpViewController.m in Sources */ = {isa = PBXBuildFile; fileRef = 44A173E31E52355A00FABC4F /* DiscoverLearnHelpViewController.m */; };
		44A173E71E52387800FABC4F /* DiscoverLearnShareSubmitViewController.m in Sources */ = {isa = PBXBuildFile; fileRef = 44A173E61E52387800FABC4F /* DiscoverLearnShareSubmitViewController.m */; };
		44A173EA1E52388D00FABC4F /* DiscoverLearnHelpSubmitViewController.m in Sources */ = {isa = PBXBuildFile; fileRef = 44A173E91E52388D00FABC4F /* DiscoverLearnHelpSubmitViewController.m */; };
		44A173EE1E540F8300FABC4F /* DiscoverPlayShareViewController.m in Sources */ = {isa = PBXBuildFile; fileRef = 44A173ED1E540F8300FABC4F /* DiscoverPlayShareViewController.m */; };
		44A173F11E54105C00FABC4F /* DiscoverPlayHelpViewController.m in Sources */ = {isa = PBXBuildFile; fileRef = 44A173F01E54105C00FABC4F /* DiscoverPlayHelpViewController.m */; };
		44A494021E4C7F7A006CD069 /* DiscoverLiveHelpRentViewController.m in Sources */ = {isa = PBXBuildFile; fileRef = 44A494011E4C7F7A006CD069 /* DiscoverLiveHelpRentViewController.m */; };
		44A494051E4C8180006CD069 /* DiscoverLiveShareViewController.m in Sources */ = {isa = PBXBuildFile; fileRef = 44A494041E4C8180006CD069 /* DiscoverLiveShareViewController.m */; };
		44A494081E4C84C7006CD069 /* DiscoverLiveShareLeaseViewController.m in Sources */ = {isa = PBXBuildFile; fileRef = 44A494071E4C84C7006CD069 /* DiscoverLiveShareLeaseViewController.m */; };
		44A4940B1E4CA659006CD069 /* roomType.txt in Resources */ = {isa = PBXBuildFile; fileRef = 44A4940A1E4CA659006CD069 /* roomType.txt */; };
		44A4940E1E4CB169006CD069 /* DiscoverLocationViewController.m in Sources */ = {isa = PBXBuildFile; fileRef = 44A4940D1E4CB169006CD069 /* DiscoverLocationViewController.m */; };
		44A494111E4CB3DD006CD069 /* SYMap.m in Sources */ = {isa = PBXBuildFile; fileRef = 44A494101E4CB3DD006CD069 /* SYMap.m */; };
		44A494151E4CB515006CD069 /* MapPin.m in Sources */ = {isa = PBXBuildFile; fileRef = 44A494141E4CB515006CD069 /* MapPin.m */; };
		44A494181E4CB74B006CD069 /* SYAnnotationView.m in Sources */ = {isa = PBXBuildFile; fileRef = 44A494171E4CB74B006CD069 /* SYAnnotationView.m */; };
		44A4941B1E4CBA7D006CD069 /* DiscoverLiveShareSubmitViewController.m in Sources */ = {isa = PBXBuildFile; fileRef = 44A4941A1E4CBA7D006CD069 /* DiscoverLiveShareSubmitViewController.m */; };
		44A4941E1E4CCE79006CD069 /* NMRangeSlider.m in Sources */ = {isa = PBXBuildFile; fileRef = 44A4941D1E4CCE79006CD069 /* NMRangeSlider.m */; };
		44A494221E4CCEBA006CD069 /* SYPriceSlider.m in Sources */ = {isa = PBXBuildFile; fileRef = 44A494211E4CCEBA006CD069 /* SYPriceSlider.m */; };
		44A494261E4CD516006CD069 /* SYDistanceSlider.m in Sources */ = {isa = PBXBuildFile; fileRef = 44A494251E4CD516006CD069 /* SYDistanceSlider.m */; };
		44A4942B1E4CE380006CD069 /* SYActiveMap.m in Sources */ = {isa = PBXBuildFile; fileRef = 44A4942A1E4CE380006CD069 /* SYActiveMap.m */; };
		44A4942E1E4CE4A7006CD069 /* NearbyMapViewController.m in Sources */ = {isa = PBXBuildFile; fileRef = 44A4942D1E4CE4A7006CD069 /* NearbyMapViewController.m */; };
		44A494311E4CE79F006CD069 /* DiscoverLiveHelpSubmitViewController.m in Sources */ = {isa = PBXBuildFile; fileRef = 44A494301E4CE79F006CD069 /* DiscoverLiveHelpSubmitViewController.m */; };
		44A494341E4CF07B006CD069 /* SYHelp.m in Sources */ = {isa = PBXBuildFile; fileRef = 44A494331E4CF07B006CD069 /* SYHelp.m */; };
		44A494381E4CF5E1006CD069 /* SYChoiceAbstract.m in Sources */ = {isa = PBXBuildFile; fileRef = 44A494371E4CF5E1006CD069 /* SYChoiceAbstract.m */; };
		44A502C51E47AB5A0008C4AD /* DiscoverLiveHelpViewController.m in Sources */ = {isa = PBXBuildFile; fileRef = 44A502C41E47AB5A0008C4AD /* DiscoverLiveHelpViewController.m */; };
		44AD3C3D1E561C9C008774CD /* SYTitle.m in Sources */ = {isa = PBXBuildFile; fileRef = 44AD3C3C1E561C9C008774CD /* SYTitle.m */; };
		44AD3C3F1E56333B008774CD /* TravelType_cn.txt in Resources */ = {isa = PBXBuildFile; fileRef = 44AD3C3E1E56333B008774CD /* TravelType_cn.txt */; };
		44AD3C431E56557B008774CD /* SYChoiceCommentBasic.m in Sources */ = {isa = PBXBuildFile; fileRef = 44AD3C421E56557B008774CD /* SYChoiceCommentBasic.m */; };
		44AD3C461E566B9D008774CD /* SYShare.m in Sources */ = {isa = PBXBuildFile; fileRef = 44AD3C451E566B9D008774CD /* SYShare.m */; };
		44AD3C481E56BFA1008774CD /* SignUpViewController.m in Sources */ = {isa = PBXBuildFile; fileRef = 442F487B1E31DE4B00FB0561 /* SignUpViewController.m */; };
		44B815031E552F18008B98F3 /* DiscoverTravelShareViewController.m in Sources */ = {isa = PBXBuildFile; fileRef = 44B815021E552F18008B98F3 /* DiscoverTravelShareViewController.m */; };
		44B815061E552F2D008B98F3 /* DiscoverTravelHelpViewController.m in Sources */ = {isa = PBXBuildFile; fileRef = 44B815051E552F2D008B98F3 /* DiscoverTravelHelpViewController.m */; };
		44B815091E553467008B98F3 /* DiscoverTravelShareSecondViewController.m in Sources */ = {isa = PBXBuildFile; fileRef = 44B815081E553467008B98F3 /* DiscoverTravelShareSecondViewController.m */; };
		44C89E811E5CE6C500ADC9CF /* SYRelatedShare.m in Sources */ = {isa = PBXBuildFile; fileRef = 44C89E801E5CE6C500ADC9CF /* SYRelatedShare.m */; };
		44C89E841E5D0F0600ADC9CF /* SYHelpContentView.m in Sources */ = {isa = PBXBuildFile; fileRef = 44C89E831E5D0F0600ADC9CF /* SYHelpContentView.m */; };
		44FBAAA11E50DEB300A5F985 /* DiscoverEatHelpSecondViewController.m in Sources */ = {isa = PBXBuildFile; fileRef = 44FBAAA01E50DEB300A5F985 /* DiscoverEatHelpSecondViewController.m */; };
/* End PBXBuildFile section */

/* Begin PBXContainerItemProxy section */
		442F484F1E31CC1000FB0561 /* PBXContainerItemProxy */ = {
			isa = PBXContainerItemProxy;
			containerPortal = 442F482A1E31CC0F00FB0561 /* Project object */;
			proxyType = 1;
			remoteGlobalIDString = 442F48311E31CC0F00FB0561;
			remoteInfo = Sharmunity;
		};
		442F485A1E31CC1000FB0561 /* PBXContainerItemProxy */ = {
			isa = PBXContainerItemProxy;
			containerPortal = 442F482A1E31CC0F00FB0561 /* Project object */;
			proxyType = 1;
			remoteGlobalIDString = 442F48311E31CC0F00FB0561;
			remoteInfo = Sharmunity;
		};
/* End PBXContainerItemProxy section */

/* Begin PBXFileReference section */
		44101A831E3E64F200BB96B1 /* DiscoverEatHelpViewController.h */ = {isa = PBXFileReference; fileEncoding = 4; lastKnownFileType = sourcecode.c.h; name = DiscoverEatHelpViewController.h; path = ViewControllers/DiscoverEatHelpViewController.h; sourceTree = "<group>"; };
		44101A841E3E64F200BB96B1 /* DiscoverEatHelpViewController.m */ = {isa = PBXFileReference; fileEncoding = 4; lastKnownFileType = sourcecode.c.objc; name = DiscoverEatHelpViewController.m; path = ViewControllers/DiscoverEatHelpViewController.m; sourceTree = "<group>"; };
		44101A861E46AEE100BB96B1 /* SYPopOut.h */ = {isa = PBXFileReference; fileEncoding = 4; lastKnownFileType = sourcecode.c.h; name = SYPopOut.h; path = Classes/SYPopOut.h; sourceTree = "<group>"; };
		44101A871E46AEE100BB96B1 /* SYPopOut.m */ = {isa = PBXFileReference; fileEncoding = 4; lastKnownFileType = sourcecode.c.objc; name = SYPopOut.m; path = Classes/SYPopOut.m; sourceTree = "<group>"; };
		4426A0D41E4FD44600D91D6F /* EatRegion_cn.txt */ = {isa = PBXFileReference; fileEncoding = 4; lastKnownFileType = text; name = EatRegion_cn.txt; path = Resource/Category/EatRegion_cn.txt; sourceTree = "<group>"; };
		4426A0D61E4FD7B300D91D6F /* DiscoverEatShareViewController.h */ = {isa = PBXFileReference; fileEncoding = 4; lastKnownFileType = sourcecode.c.h; name = DiscoverEatShareViewController.h; path = ViewControllers/DiscoverEatShareViewController.h; sourceTree = "<group>"; };
		4426A0D71E4FD7B300D91D6F /* DiscoverEatShareViewController.m */ = {isa = PBXFileReference; fileEncoding = 4; lastKnownFileType = sourcecode.c.objc; name = DiscoverEatShareViewController.m; path = ViewControllers/DiscoverEatShareViewController.m; sourceTree = "<group>"; };
		4426A0D91E4FD97800D91D6F /* DiscoverEatShareSecondViewController.h */ = {isa = PBXFileReference; fileEncoding = 4; lastKnownFileType = sourcecode.c.h; name = DiscoverEatShareSecondViewController.h; path = ViewControllers/DiscoverEatShareSecondViewController.h; sourceTree = "<group>"; };
		4426A0DA1E4FD97800D91D6F /* DiscoverEatShareRegionViewController.m */ = {isa = PBXFileReference; fileEncoding = 4; lastKnownFileType = sourcecode.c.objc; name = DiscoverEatShareRegionViewController.m; path = ViewControllers/DiscoverEatShareRegionViewController.m; sourceTree = "<group>"; };
		4426A0DC1E4FF22B00D91D6F /* EatFood_cn.txt */ = {isa = PBXFileReference; fileEncoding = 4; lastKnownFileType = text; name = EatFood_cn.txt; path = Resource/Category/EatFood_cn.txt; sourceTree = "<group>"; };
		4426A0DD1E4FF22B00D91D6F /* EatSubRegion_cn.txt */ = {isa = PBXFileReference; fileEncoding = 4; lastKnownFileType = text; name = EatSubRegion_cn.txt; path = Resource/Category/EatSubRegion_cn.txt; sourceTree = "<group>"; };
		442F48321E31CC0F00FB0561 /* Sharmunity.app */ = {isa = PBXFileReference; explicitFileType = wrapper.application; includeInIndex = 0; path = Sharmunity.app; sourceTree = BUILT_PRODUCTS_DIR; };
		442F48361E31CC0F00FB0561 /* main.m */ = {isa = PBXFileReference; lastKnownFileType = sourcecode.c.objc; path = main.m; sourceTree = "<group>"; };
		442F48381E31CC0F00FB0561 /* AppDelegate.h */ = {isa = PBXFileReference; lastKnownFileType = sourcecode.c.h; path = AppDelegate.h; sourceTree = "<group>"; };
		442F48391E31CC0F00FB0561 /* AppDelegate.m */ = {isa = PBXFileReference; lastKnownFileType = sourcecode.c.objc; path = AppDelegate.m; sourceTree = "<group>"; };
		442F48421E31CC0F00FB0561 /* Base */ = {isa = PBXFileReference; lastKnownFileType = file.storyboard; name = Base; path = Base.lproj/Main.storyboard; sourceTree = "<group>"; };
		442F48441E31CC0F00FB0561 /* Assets.xcassets */ = {isa = PBXFileReference; lastKnownFileType = folder.assetcatalog; path = Assets.xcassets; sourceTree = "<group>"; };
		442F48471E31CC0F00FB0561 /* Base */ = {isa = PBXFileReference; lastKnownFileType = file.storyboard; name = Base; path = Base.lproj/LaunchScreen.storyboard; sourceTree = "<group>"; };
		442F48491E31CC0F00FB0561 /* Info.plist */ = {isa = PBXFileReference; lastKnownFileType = text.plist.xml; path = Info.plist; sourceTree = "<group>"; };
		442F484E1E31CC1000FB0561 /* SharmunityTests.xctest */ = {isa = PBXFileReference; explicitFileType = wrapper.cfbundle; includeInIndex = 0; path = SharmunityTests.xctest; sourceTree = BUILT_PRODUCTS_DIR; };
		442F48521E31CC1000FB0561 /* SharmunityTests.m */ = {isa = PBXFileReference; lastKnownFileType = sourcecode.c.objc; path = SharmunityTests.m; sourceTree = "<group>"; };
		442F48541E31CC1000FB0561 /* Info.plist */ = {isa = PBXFileReference; lastKnownFileType = text.plist.xml; path = Info.plist; sourceTree = "<group>"; };
		442F48591E31CC1000FB0561 /* SharmunityUITests.xctest */ = {isa = PBXFileReference; explicitFileType = wrapper.cfbundle; includeInIndex = 0; path = SharmunityUITests.xctest; sourceTree = BUILT_PRODUCTS_DIR; };
		442F485D1E31CC1000FB0561 /* SharmunityUITests.m */ = {isa = PBXFileReference; lastKnownFileType = sourcecode.c.objc; path = SharmunityUITests.m; sourceTree = "<group>"; };
		442F485F1E31CC1000FB0561 /* Info.plist */ = {isa = PBXFileReference; lastKnownFileType = text.plist.xml; path = Info.plist; sourceTree = "<group>"; };
		442F486B1E31D11500FB0561 /* LaunchScreenViewController.h */ = {isa = PBXFileReference; fileEncoding = 4; lastKnownFileType = sourcecode.c.h; name = LaunchScreenViewController.h; path = ViewControllers/LaunchScreenViewController.h; sourceTree = "<group>"; };
		442F486C1E31D11500FB0561 /* LaunchScreenViewController.m */ = {isa = PBXFileReference; fileEncoding = 4; lastKnownFileType = sourcecode.c.objc; name = LaunchScreenViewController.m; path = ViewControllers/LaunchScreenViewController.m; sourceTree = "<group>"; };
		442F48701E31D2D300FB0561 /* Header.h */ = {isa = PBXFileReference; lastKnownFileType = sourcecode.c.h; name = Header.h; path = Classes/Header.h; sourceTree = "<group>"; };
		442F48711E31D2F600FB0561 /* WelcomeViewController.h */ = {isa = PBXFileReference; fileEncoding = 4; lastKnownFileType = sourcecode.c.h; name = WelcomeViewController.h; path = ViewControllers/WelcomeViewController.h; sourceTree = "<group>"; };
		442F48721E31D2F600FB0561 /* WelcomeViewController.m */ = {isa = PBXFileReference; fileEncoding = 4; lastKnownFileType = sourcecode.c.objc; name = WelcomeViewController.m; path = ViewControllers/WelcomeViewController.m; sourceTree = "<group>"; };
		442F48751E31D4ED00FB0561 /* MainTabBarViewController.h */ = {isa = PBXFileReference; fileEncoding = 4; lastKnownFileType = sourcecode.c.h; name = MainTabBarViewController.h; path = ViewControllers/MainTabBarViewController.h; sourceTree = "<group>"; };
		442F48761E31D4ED00FB0561 /* MainTabBarViewController.m */ = {isa = PBXFileReference; fileEncoding = 4; lastKnownFileType = sourcecode.c.objc; name = MainTabBarViewController.m; path = ViewControllers/MainTabBarViewController.m; sourceTree = "<group>"; };
		442F48791E31DDEA00FB0561 /* Sharmunity.entitlements */ = {isa = PBXFileReference; lastKnownFileType = text.plist.entitlements; path = Sharmunity.entitlements; sourceTree = "<group>"; };
		442F487A1E31DE4B00FB0561 /* SignUpViewController.h */ = {isa = PBXFileReference; fileEncoding = 4; lastKnownFileType = sourcecode.c.h; name = SignUpViewController.h; path = ViewControllers/SignUpViewController.h; sourceTree = "<group>"; };
		442F487B1E31DE4B00FB0561 /* SignUpViewController.m */ = {isa = PBXFileReference; fileEncoding = 4; lastKnownFileType = sourcecode.c.objc; name = SignUpViewController.m; path = ViewControllers/SignUpViewController.m; sourceTree = "<group>"; };
		442F487D1E31DF8200FB0561 /* SYSignUpHeader.h */ = {isa = PBXFileReference; lastKnownFileType = sourcecode.c.h; name = SYSignUpHeader.h; path = Classes/SYSignUpHeader.h; sourceTree = "<group>"; };
		442F487E1E31E03D00FB0561 /* SYSignUpEmail.h */ = {isa = PBXFileReference; fileEncoding = 4; lastKnownFileType = sourcecode.c.h; name = SYSignUpEmail.h; path = Classes/SYSignUpEmail.h; sourceTree = "<group>"; };
		442F487F1E31E03D00FB0561 /* SYSignUpEmail.m */ = {isa = PBXFileReference; fileEncoding = 4; lastKnownFileType = sourcecode.c.objc; name = SYSignUpEmail.m; path = Classes/SYSignUpEmail.m; sourceTree = "<group>"; };
		4449115C1E5F849A000F3218 /* SYTextField.h */ = {isa = PBXFileReference; fileEncoding = 4; lastKnownFileType = sourcecode.c.h; name = SYTextField.h; path = Classes/SYTextField.h; sourceTree = "<group>"; };
		4449115D1E5F849A000F3218 /* SYTextField.m */ = {isa = PBXFileReference; fileEncoding = 4; lastKnownFileType = sourcecode.c.objc; name = SYTextField.m; path = Classes/SYTextField.m; sourceTree = "<group>"; };
		444911601E5F8689000F3218 /* SYTextView.h */ = {isa = PBXFileReference; fileEncoding = 4; lastKnownFileType = sourcecode.c.h; name = SYTextView.h; path = Classes/SYTextView.h; sourceTree = "<group>"; };
		444911611E5F8689000F3218 /* SYTextView.m */ = {isa = PBXFileReference; fileEncoding = 4; lastKnownFileType = sourcecode.c.objc; name = SYTextView.m; path = Classes/SYTextView.m; sourceTree = "<group>"; };
		4470840B1E542BF800DEAB75 /* DiscoverPlayShareActiveViewController.h */ = {isa = PBXFileReference; fileEncoding = 4; lastKnownFileType = sourcecode.c.h; name = DiscoverPlayShareActiveViewController.h; path = ViewControllers/DiscoverPlayShareActiveViewController.h; sourceTree = "<group>"; };
		4470840C1E542BF800DEAB75 /* DiscoverPlayShareActiveViewController.m */ = {isa = PBXFileReference; fileEncoding = 4; lastKnownFileType = sourcecode.c.objc; name = DiscoverPlayShareActiveViewController.m; path = ViewControllers/DiscoverPlayShareActiveViewController.m; sourceTree = "<group>"; };
		4470840E1E54BC9800DEAB75 /* PlayType_cn.txt */ = {isa = PBXFileReference; fileEncoding = 4; lastKnownFileType = text; name = PlayType_cn.txt; path = Resource/Category/PlayType_cn.txt; sourceTree = "<group>"; };
		447084101E54E9A600DEAB75 /* DiscoverPlayHelpActiveViewController.h */ = {isa = PBXFileReference; fileEncoding = 4; lastKnownFileType = sourcecode.c.h; name = DiscoverPlayHelpActiveViewController.h; path = ViewControllers/DiscoverPlayHelpActiveViewController.h; sourceTree = "<group>"; };
		447084111E54E9A600DEAB75 /* DiscoverPlayHelpActiveViewController.m */ = {isa = PBXFileReference; fileEncoding = 4; lastKnownFileType = sourcecode.c.objc; name = DiscoverPlayHelpActiveViewController.m; path = ViewControllers/DiscoverPlayHelpActiveViewController.m; sourceTree = "<group>"; };
		447084171E54FEB800DEAB75 /* ChoiceDetailViewController.h */ = {isa = PBXFileReference; fileEncoding = 4; lastKnownFileType = sourcecode.c.h; name = ChoiceDetailViewController.h; path = ViewControllers/ChoiceDetailViewController.h; sourceTree = "<group>"; };
		447084181E54FEB800DEAB75 /* ChoiceDetailViewController.m */ = {isa = PBXFileReference; fileEncoding = 4; lastKnownFileType = sourcecode.c.objc; name = ChoiceDetailViewController.m; path = ViewControllers/ChoiceDetailViewController.m; sourceTree = "<group>"; };
		4470841C1E54FEFC00DEAB75 /* SYProfileHead.h */ = {isa = PBXFileReference; fileEncoding = 4; lastKnownFileType = sourcecode.c.h; name = SYProfileHead.h; path = Classes/SYProfileHead.h; sourceTree = "<group>"; };
		4470841D1E54FEFC00DEAB75 /* SYProfileHead.m */ = {isa = PBXFileReference; fileEncoding = 4; lastKnownFileType = sourcecode.c.objc; name = SYProfileHead.m; path = Classes/SYProfileHead.m; sourceTree = "<group>"; };
		447084201E5512FC00DEAB75 /* SYChoiceDetail.h */ = {isa = PBXFileReference; fileEncoding = 4; lastKnownFileType = sourcecode.c.h; name = SYChoiceDetail.h; path = Classes/SYChoiceDetail.h; sourceTree = "<group>"; };
		447084211E5512FC00DEAB75 /* SYChoiceDetail.m */ = {isa = PBXFileReference; fileEncoding = 4; lastKnownFileType = sourcecode.c.objc; name = SYChoiceDetail.m; path = Classes/SYChoiceDetail.m; sourceTree = "<group>"; };
		447084241E55715800DEAB75 /* SYProfileExtend.h */ = {isa = PBXFileReference; fileEncoding = 4; lastKnownFileType = sourcecode.c.h; name = SYProfileExtend.h; path = Classes/SYProfileExtend.h; sourceTree = "<group>"; };
		447084251E55715800DEAB75 /* SYProfileExtend.m */ = {isa = PBXFileReference; fileEncoding = 4; lastKnownFileType = sourcecode.c.objc; name = SYProfileExtend.m; path = Classes/SYProfileExtend.m; sourceTree = "<group>"; };
		447084271E5578CB00DEAB75 /* DiscoverTravelHelpSecondViewController.h */ = {isa = PBXFileReference; fileEncoding = 4; lastKnownFileType = sourcecode.c.h; name = DiscoverTravelHelpSecondViewController.h; path = ViewControllers/DiscoverTravelHelpSecondViewController.h; sourceTree = "<group>"; };
		447084281E5578CB00DEAB75 /* DiscoverTravelHelpSecondViewController.m */ = {isa = PBXFileReference; fileEncoding = 4; lastKnownFileType = sourcecode.c.objc; name = DiscoverTravelHelpSecondViewController.m; path = ViewControllers/DiscoverTravelHelpSecondViewController.m; sourceTree = "<group>"; };
		447E40DA1E3271E40010CAA4 /* SYSuscard.h */ = {isa = PBXFileReference; fileEncoding = 4; lastKnownFileType = sourcecode.c.h; name = SYSuscard.h; path = Classes/SYSuscard.h; sourceTree = "<group>"; };
		447E40DB1E3271E40010CAA4 /* SYSuscard.m */ = {isa = PBXFileReference; fileEncoding = 4; lastKnownFileType = sourcecode.c.objc; name = SYSuscard.m; path = Classes/SYSuscard.m; sourceTree = "<group>"; };
		447E40DD1E3272C70010CAA4 /* SYHeader.h */ = {isa = PBXFileReference; lastKnownFileType = sourcecode.c.h; name = SYHeader.h; path = Classes/SYHeader.h; sourceTree = "<group>"; };
		447E40DE1E32789F0010CAA4 /* SYSignUpPassword.h */ = {isa = PBXFileReference; fileEncoding = 4; lastKnownFileType = sourcecode.c.h; name = SYSignUpPassword.h; path = Classes/SYSignUpPassword.h; sourceTree = "<group>"; };
		447E40DF1E32789F0010CAA4 /* SYSignUpPassword.m */ = {isa = PBXFileReference; fileEncoding = 4; lastKnownFileType = sourcecode.c.objc; name = SYSignUpPassword.m; path = Classes/SYSignUpPassword.m; sourceTree = "<group>"; };
		447E40E31E327D0C0010CAA4 /* License Agreement for SF UI Font.pdf */ = {isa = PBXFileReference; lastKnownFileType = image.pdf; name = "License Agreement for SF UI Font.pdf"; path = "Resource/Font/SF/License Agreement for SF UI Font.pdf"; sourceTree = "<group>"; };
		447E40E41E327D0C0010CAA4 /* SF-UI-Display-Black.otf */ = {isa = PBXFileReference; lastKnownFileType = file; name = "SF-UI-Display-Black.otf"; path = "Resource/Font/SF/SF-UI-Display-Black.otf"; sourceTree = "<group>"; };
		447E40E51E327D0C0010CAA4 /* SF-UI-Display-Bold.otf */ = {isa = PBXFileReference; lastKnownFileType = file; name = "SF-UI-Display-Bold.otf"; path = "Resource/Font/SF/SF-UI-Display-Bold.otf"; sourceTree = "<group>"; };
		447E40E61E327D0C0010CAA4 /* SF-UI-Display-Heavy.otf */ = {isa = PBXFileReference; lastKnownFileType = file; name = "SF-UI-Display-Heavy.otf"; path = "Resource/Font/SF/SF-UI-Display-Heavy.otf"; sourceTree = "<group>"; };
		447E40E71E327D0C0010CAA4 /* SF-UI-Display-Light.otf */ = {isa = PBXFileReference; lastKnownFileType = file; name = "SF-UI-Display-Light.otf"; path = "Resource/Font/SF/SF-UI-Display-Light.otf"; sourceTree = "<group>"; };
		447E40E81E327D0C0010CAA4 /* SF-UI-Display-Medium.otf */ = {isa = PBXFileReference; lastKnownFileType = file; name = "SF-UI-Display-Medium.otf"; path = "Resource/Font/SF/SF-UI-Display-Medium.otf"; sourceTree = "<group>"; };
		447E40E91E327D0C0010CAA4 /* SF-UI-Display-Regular.otf */ = {isa = PBXFileReference; lastKnownFileType = file; name = "SF-UI-Display-Regular.otf"; path = "Resource/Font/SF/SF-UI-Display-Regular.otf"; sourceTree = "<group>"; };
		447E40EA1E327D0C0010CAA4 /* SF-UI-Display-Semibold.otf */ = {isa = PBXFileReference; lastKnownFileType = file; name = "SF-UI-Display-Semibold.otf"; path = "Resource/Font/SF/SF-UI-Display-Semibold.otf"; sourceTree = "<group>"; };
		447E40EB1E327D0C0010CAA4 /* SF-UI-Display-Thin.otf */ = {isa = PBXFileReference; lastKnownFileType = file; name = "SF-UI-Display-Thin.otf"; path = "Resource/Font/SF/SF-UI-Display-Thin.otf"; sourceTree = "<group>"; };
		447E40EC1E327D0C0010CAA4 /* SF-UI-Display-Ultralight.otf */ = {isa = PBXFileReference; lastKnownFileType = file; name = "SF-UI-Display-Ultralight.otf"; path = "Resource/Font/SF/SF-UI-Display-Ultralight.otf"; sourceTree = "<group>"; };
		447E40ED1E327D0C0010CAA4 /* SF-UI-Text-Bold.otf */ = {isa = PBXFileReference; lastKnownFileType = file; name = "SF-UI-Text-Bold.otf"; path = "Resource/Font/SF/SF-UI-Text-Bold.otf"; sourceTree = "<group>"; };
		447E40EE1E327D0C0010CAA4 /* SF-UI-Text-BoldItalic.otf */ = {isa = PBXFileReference; lastKnownFileType = file; name = "SF-UI-Text-BoldItalic.otf"; path = "Resource/Font/SF/SF-UI-Text-BoldItalic.otf"; sourceTree = "<group>"; };
		447E40EF1E327D0D0010CAA4 /* SF-UI-Text-Heavy.otf */ = {isa = PBXFileReference; lastKnownFileType = file; name = "SF-UI-Text-Heavy.otf"; path = "Resource/Font/SF/SF-UI-Text-Heavy.otf"; sourceTree = "<group>"; };
		447E40F01E327D0D0010CAA4 /* SF-UI-Text-HeavyItalic.otf */ = {isa = PBXFileReference; lastKnownFileType = file; name = "SF-UI-Text-HeavyItalic.otf"; path = "Resource/Font/SF/SF-UI-Text-HeavyItalic.otf"; sourceTree = "<group>"; };
		447E40F11E327D0D0010CAA4 /* SF-UI-Text-Light.otf */ = {isa = PBXFileReference; lastKnownFileType = file; name = "SF-UI-Text-Light.otf"; path = "Resource/Font/SF/SF-UI-Text-Light.otf"; sourceTree = "<group>"; };
		447E40F21E327D0D0010CAA4 /* SF-UI-Text-LightItalic.otf */ = {isa = PBXFileReference; lastKnownFileType = file; name = "SF-UI-Text-LightItalic.otf"; path = "Resource/Font/SF/SF-UI-Text-LightItalic.otf"; sourceTree = "<group>"; };
		447E40F31E327D0D0010CAA4 /* SF-UI-Text-Medium.otf */ = {isa = PBXFileReference; lastKnownFileType = file; name = "SF-UI-Text-Medium.otf"; path = "Resource/Font/SF/SF-UI-Text-Medium.otf"; sourceTree = "<group>"; };
		447E40F41E327D0D0010CAA4 /* SF-UI-Text-MediumItalic.otf */ = {isa = PBXFileReference; lastKnownFileType = file; name = "SF-UI-Text-MediumItalic.otf"; path = "Resource/Font/SF/SF-UI-Text-MediumItalic.otf"; sourceTree = "<group>"; };
		447E40F51E327D0D0010CAA4 /* SF-UI-Text-Regular.otf */ = {isa = PBXFileReference; lastKnownFileType = file; name = "SF-UI-Text-Regular.otf"; path = "Resource/Font/SF/SF-UI-Text-Regular.otf"; sourceTree = "<group>"; };
		447E40F61E327D0D0010CAA4 /* SF-UI-Text-RegularItalic.otf */ = {isa = PBXFileReference; lastKnownFileType = file; name = "SF-UI-Text-RegularItalic.otf"; path = "Resource/Font/SF/SF-UI-Text-RegularItalic.otf"; sourceTree = "<group>"; };
		447E40F71E327D0D0010CAA4 /* SF-UI-Text-Semibold.otf */ = {isa = PBXFileReference; lastKnownFileType = file; name = "SF-UI-Text-Semibold.otf"; path = "Resource/Font/SF/SF-UI-Text-Semibold.otf"; sourceTree = "<group>"; };
		447E40F81E327D0D0010CAA4 /* SF-UI-Text-SemiboldItalic.otf */ = {isa = PBXFileReference; lastKnownFileType = file; name = "SF-UI-Text-SemiboldItalic.otf"; path = "Resource/Font/SF/SF-UI-Text-SemiboldItalic.otf"; sourceTree = "<group>"; };
		447E410F1E327FD90010CAA4 /* VerificationWarningViewController.h */ = {isa = PBXFileReference; fileEncoding = 4; lastKnownFileType = sourcecode.c.h; name = VerificationWarningViewController.h; path = ViewControllers/VerificationWarningViewController.h; sourceTree = "<group>"; };
		447E41101E327FD90010CAA4 /* VerificationWarningViewController.m */ = {isa = PBXFileReference; fileEncoding = 4; lastKnownFileType = sourcecode.c.objc; name = VerificationWarningViewController.m; path = ViewControllers/VerificationWarningViewController.m; sourceTree = "<group>"; };
		447E41141E3296EF0010CAA4 /* AccountMainViewController.h */ = {isa = PBXFileReference; fileEncoding = 4; lastKnownFileType = sourcecode.c.h; name = AccountMainViewController.h; path = ViewControllers/AccountMainViewController.h; sourceTree = "<group>"; };
		447E41151E3296EF0010CAA4 /* AccountMainViewController.m */ = {isa = PBXFileReference; fileEncoding = 4; lastKnownFileType = sourcecode.c.objc; name = AccountMainViewController.m; path = ViewControllers/AccountMainViewController.m; sourceTree = "<group>"; };
		447E41171E32B0030010CAA4 /* DiscoverMainViewController.h */ = {isa = PBXFileReference; fileEncoding = 4; lastKnownFileType = sourcecode.c.h; name = DiscoverMainViewController.h; path = ViewControllers/DiscoverMainViewController.h; sourceTree = "<group>"; };
		447E41181E32B0030010CAA4 /* DiscoverMainViewController.m */ = {isa = PBXFileReference; fileEncoding = 4; lastKnownFileType = sourcecode.c.objc; name = DiscoverMainViewController.m; path = ViewControllers/DiscoverMainViewController.m; sourceTree = "<group>"; };
		447E411C1E32B5010010CAA4 /* SYCell.h */ = {isa = PBXFileReference; fileEncoding = 4; lastKnownFileType = sourcecode.c.h; name = SYCell.h; path = Classes/SYCell.h; sourceTree = "<group>"; };
		447E411D1E32B5010010CAA4 /* SYCell.m */ = {isa = PBXFileReference; fileEncoding = 4; lastKnownFileType = sourcecode.c.objc; name = SYCell.m; path = Classes/SYCell.m; sourceTree = "<group>"; };
		447E41211E32BE3C0010CAA4 /* MapKit.framework */ = {isa = PBXFileReference; lastKnownFileType = wrapper.framework; name = MapKit.framework; path = System/Library/Frameworks/MapKit.framework; sourceTree = SDKROOT; };
		44A173DF1E52354000FABC4F /* DiscoverLearnShareViewController.h */ = {isa = PBXFileReference; fileEncoding = 4; lastKnownFileType = sourcecode.c.h; name = DiscoverLearnShareViewController.h; path = ViewControllers/DiscoverLearnShareViewController.h; sourceTree = "<group>"; };
		44A173E01E52354000FABC4F /* DiscoverLearnShareViewController.m */ = {isa = PBXFileReference; fileEncoding = 4; lastKnownFileType = sourcecode.c.objc; name = DiscoverLearnShareViewController.m; path = ViewControllers/DiscoverLearnShareViewController.m; sourceTree = "<group>"; };
		44A173E21E52355A00FABC4F /* DiscoverLearnHelpViewController.h */ = {isa = PBXFileReference; fileEncoding = 4; lastKnownFileType = sourcecode.c.h; name = DiscoverLearnHelpViewController.h; path = ViewControllers/DiscoverLearnHelpViewController.h; sourceTree = "<group>"; };
		44A173E31E52355A00FABC4F /* DiscoverLearnHelpViewController.m */ = {isa = PBXFileReference; fileEncoding = 4; lastKnownFileType = sourcecode.c.objc; name = DiscoverLearnHelpViewController.m; path = ViewControllers/DiscoverLearnHelpViewController.m; sourceTree = "<group>"; };
		44A173E51E52387800FABC4F /* DiscoverLearnShareSubmitViewController.h */ = {isa = PBXFileReference; fileEncoding = 4; lastKnownFileType = sourcecode.c.h; name = DiscoverLearnShareSubmitViewController.h; path = ViewControllers/DiscoverLearnShareSubmitViewController.h; sourceTree = "<group>"; };
		44A173E61E52387800FABC4F /* DiscoverLearnShareSubmitViewController.m */ = {isa = PBXFileReference; fileEncoding = 4; lastKnownFileType = sourcecode.c.objc; name = DiscoverLearnShareSubmitViewController.m; path = ViewControllers/DiscoverLearnShareSubmitViewController.m; sourceTree = "<group>"; };
		44A173E81E52388D00FABC4F /* DiscoverLearnHelpSubmitViewController.h */ = {isa = PBXFileReference; fileEncoding = 4; lastKnownFileType = sourcecode.c.h; name = DiscoverLearnHelpSubmitViewController.h; path = ViewControllers/DiscoverLearnHelpSubmitViewController.h; sourceTree = "<group>"; };
		44A173E91E52388D00FABC4F /* DiscoverLearnHelpSubmitViewController.m */ = {isa = PBXFileReference; fileEncoding = 4; lastKnownFileType = sourcecode.c.objc; name = DiscoverLearnHelpSubmitViewController.m; path = ViewControllers/DiscoverLearnHelpSubmitViewController.m; sourceTree = "<group>"; };
		44A173EC1E540F8300FABC4F /* DiscoverPlayShareViewController.h */ = {isa = PBXFileReference; fileEncoding = 4; lastKnownFileType = sourcecode.c.h; name = DiscoverPlayShareViewController.h; path = ViewControllers/DiscoverPlayShareViewController.h; sourceTree = "<group>"; };
		44A173ED1E540F8300FABC4F /* DiscoverPlayShareViewController.m */ = {isa = PBXFileReference; fileEncoding = 4; lastKnownFileType = sourcecode.c.objc; name = DiscoverPlayShareViewController.m; path = ViewControllers/DiscoverPlayShareViewController.m; sourceTree = "<group>"; };
		44A173EF1E54105C00FABC4F /* DiscoverPlayHelpViewController.h */ = {isa = PBXFileReference; fileEncoding = 4; lastKnownFileType = sourcecode.c.h; name = DiscoverPlayHelpViewController.h; path = ViewControllers/DiscoverPlayHelpViewController.h; sourceTree = "<group>"; };
		44A173F01E54105C00FABC4F /* DiscoverPlayHelpViewController.m */ = {isa = PBXFileReference; fileEncoding = 4; lastKnownFileType = sourcecode.c.objc; name = DiscoverPlayHelpViewController.m; path = ViewControllers/DiscoverPlayHelpViewController.m; sourceTree = "<group>"; };
		44A494001E4C7F7A006CD069 /* DiscoverLiveHelpRentViewController.h */ = {isa = PBXFileReference; fileEncoding = 4; lastKnownFileType = sourcecode.c.h; name = DiscoverLiveHelpRentViewController.h; path = ViewControllers/DiscoverLiveHelpRentViewController.h; sourceTree = "<group>"; };
		44A494011E4C7F7A006CD069 /* DiscoverLiveHelpRentViewController.m */ = {isa = PBXFileReference; fileEncoding = 4; lastKnownFileType = sourcecode.c.objc; name = DiscoverLiveHelpRentViewController.m; path = ViewControllers/DiscoverLiveHelpRentViewController.m; sourceTree = "<group>"; };
		44A494031E4C8180006CD069 /* DiscoverLiveShareViewController.h */ = {isa = PBXFileReference; fileEncoding = 4; lastKnownFileType = sourcecode.c.h; name = DiscoverLiveShareViewController.h; path = ViewControllers/DiscoverLiveShareViewController.h; sourceTree = "<group>"; };
		44A494041E4C8180006CD069 /* DiscoverLiveShareViewController.m */ = {isa = PBXFileReference; fileEncoding = 4; lastKnownFileType = sourcecode.c.objc; name = DiscoverLiveShareViewController.m; path = ViewControllers/DiscoverLiveShareViewController.m; sourceTree = "<group>"; };
		44A494061E4C84C7006CD069 /* DiscoverLiveShareLeaseViewController.h */ = {isa = PBXFileReference; fileEncoding = 4; lastKnownFileType = sourcecode.c.h; name = DiscoverLiveShareLeaseViewController.h; path = ViewControllers/DiscoverLiveShareLeaseViewController.h; sourceTree = "<group>"; };
		44A494071E4C84C7006CD069 /* DiscoverLiveShareLeaseViewController.m */ = {isa = PBXFileReference; fileEncoding = 4; lastKnownFileType = sourcecode.c.objc; name = DiscoverLiveShareLeaseViewController.m; path = ViewControllers/DiscoverLiveShareLeaseViewController.m; sourceTree = "<group>"; };
		44A4940A1E4CA659006CD069 /* roomType.txt */ = {isa = PBXFileReference; fileEncoding = 4; lastKnownFileType = text; name = roomType.txt; path = Resource/Category/roomType.txt; sourceTree = "<group>"; };
		44A4940C1E4CB169006CD069 /* DiscoverLocationViewController.h */ = {isa = PBXFileReference; fileEncoding = 4; lastKnownFileType = sourcecode.c.h; name = DiscoverLocationViewController.h; path = ViewControllers/DiscoverLocationViewController.h; sourceTree = "<group>"; };
		44A4940D1E4CB169006CD069 /* DiscoverLocationViewController.m */ = {isa = PBXFileReference; fileEncoding = 4; lastKnownFileType = sourcecode.c.objc; name = DiscoverLocationViewController.m; path = ViewControllers/DiscoverLocationViewController.m; sourceTree = "<group>"; };
		44A4940F1E4CB3DD006CD069 /* SYMap.h */ = {isa = PBXFileReference; fileEncoding = 4; lastKnownFileType = sourcecode.c.h; name = SYMap.h; path = Classes/SYMap.h; sourceTree = "<group>"; };
		44A494101E4CB3DD006CD069 /* SYMap.m */ = {isa = PBXFileReference; fileEncoding = 4; lastKnownFileType = sourcecode.c.objc; name = SYMap.m; path = Classes/SYMap.m; sourceTree = "<group>"; };
		44A494131E4CB515006CD069 /* MapPin.h */ = {isa = PBXFileReference; fileEncoding = 4; lastKnownFileType = sourcecode.c.h; name = MapPin.h; path = Classes/MapPin.h; sourceTree = "<group>"; };
		44A494141E4CB515006CD069 /* MapPin.m */ = {isa = PBXFileReference; fileEncoding = 4; lastKnownFileType = sourcecode.c.objc; name = MapPin.m; path = Classes/MapPin.m; sourceTree = "<group>"; };
		44A494161E4CB74B006CD069 /* SYAnnotationView.h */ = {isa = PBXFileReference; fileEncoding = 4; lastKnownFileType = sourcecode.c.h; name = SYAnnotationView.h; path = Classes/SYAnnotationView.h; sourceTree = "<group>"; };
		44A494171E4CB74B006CD069 /* SYAnnotationView.m */ = {isa = PBXFileReference; fileEncoding = 4; lastKnownFileType = sourcecode.c.objc; name = SYAnnotationView.m; path = Classes/SYAnnotationView.m; sourceTree = "<group>"; };
		44A494191E4CBA7D006CD069 /* DiscoverLiveShareSubmitViewController.h */ = {isa = PBXFileReference; fileEncoding = 4; lastKnownFileType = sourcecode.c.h; name = DiscoverLiveShareSubmitViewController.h; path = ViewControllers/DiscoverLiveShareSubmitViewController.h; sourceTree = "<group>"; };
		44A4941A1E4CBA7D006CD069 /* DiscoverLiveShareSubmitViewController.m */ = {isa = PBXFileReference; fileEncoding = 4; lastKnownFileType = sourcecode.c.objc; name = DiscoverLiveShareSubmitViewController.m; path = ViewControllers/DiscoverLiveShareSubmitViewController.m; sourceTree = "<group>"; };
		44A4941C1E4CCE79006CD069 /* NMRangeSlider.h */ = {isa = PBXFileReference; fileEncoding = 4; lastKnownFileType = sourcecode.c.h; name = NMRangeSlider.h; path = Classes/NMRangeSlider.h; sourceTree = "<group>"; };
		44A4941D1E4CCE79006CD069 /* NMRangeSlider.m */ = {isa = PBXFileReference; fileEncoding = 4; lastKnownFileType = sourcecode.c.objc; name = NMRangeSlider.m; path = Classes/NMRangeSlider.m; sourceTree = "<group>"; };
		44A494201E4CCEBA006CD069 /* SYPriceSlider.h */ = {isa = PBXFileReference; fileEncoding = 4; lastKnownFileType = sourcecode.c.h; name = SYPriceSlider.h; path = Classes/SYPriceSlider.h; sourceTree = "<group>"; };
		44A494211E4CCEBA006CD069 /* SYPriceSlider.m */ = {isa = PBXFileReference; fileEncoding = 4; lastKnownFileType = sourcecode.c.objc; name = SYPriceSlider.m; path = Classes/SYPriceSlider.m; sourceTree = "<group>"; };
		44A494241E4CD516006CD069 /* SYDistanceSlider.h */ = {isa = PBXFileReference; fileEncoding = 4; lastKnownFileType = sourcecode.c.h; name = SYDistanceSlider.h; path = Classes/SYDistanceSlider.h; sourceTree = "<group>"; };
		44A494251E4CD516006CD069 /* SYDistanceSlider.m */ = {isa = PBXFileReference; fileEncoding = 4; lastKnownFileType = sourcecode.c.objc; name = SYDistanceSlider.m; path = Classes/SYDistanceSlider.m; sourceTree = "<group>"; };
		44A494291E4CE380006CD069 /* SYActiveMap.h */ = {isa = PBXFileReference; fileEncoding = 4; lastKnownFileType = sourcecode.c.h; name = SYActiveMap.h; path = Classes/SYActiveMap.h; sourceTree = "<group>"; };
		44A4942A1E4CE380006CD069 /* SYActiveMap.m */ = {isa = PBXFileReference; fileEncoding = 4; lastKnownFileType = sourcecode.c.objc; name = SYActiveMap.m; path = Classes/SYActiveMap.m; sourceTree = "<group>"; };
		44A4942C1E4CE4A7006CD069 /* NearbyMapViewController.h */ = {isa = PBXFileReference; fileEncoding = 4; lastKnownFileType = sourcecode.c.h; name = NearbyMapViewController.h; path = ViewControllers/NearbyMapViewController.h; sourceTree = "<group>"; };
		44A4942D1E4CE4A7006CD069 /* NearbyMapViewController.m */ = {isa = PBXFileReference; fileEncoding = 4; lastKnownFileType = sourcecode.c.objc; name = NearbyMapViewController.m; path = ViewControllers/NearbyMapViewController.m; sourceTree = "<group>"; };
		44A4942F1E4CE79F006CD069 /* DiscoverLiveHelpSubmitViewController.h */ = {isa = PBXFileReference; fileEncoding = 4; lastKnownFileType = sourcecode.c.h; name = DiscoverLiveHelpSubmitViewController.h; path = ViewControllers/DiscoverLiveHelpSubmitViewController.h; sourceTree = "<group>"; };
		44A494301E4CE79F006CD069 /* DiscoverLiveHelpSubmitViewController.m */ = {isa = PBXFileReference; fileEncoding = 4; lastKnownFileType = sourcecode.c.objc; name = DiscoverLiveHelpSubmitViewController.m; path = ViewControllers/DiscoverLiveHelpSubmitViewController.m; sourceTree = "<group>"; };
		44A494321E4CF07B006CD069 /* SYHelp.h */ = {isa = PBXFileReference; fileEncoding = 4; lastKnownFileType = sourcecode.c.h; name = SYHelp.h; path = Classes/SYHelp.h; sourceTree = "<group>"; };
		44A494331E4CF07B006CD069 /* SYHelp.m */ = {isa = PBXFileReference; fileEncoding = 4; lastKnownFileType = sourcecode.c.objc; name = SYHelp.m; path = Classes/SYHelp.m; sourceTree = "<group>"; };
		44A494361E4CF5E1006CD069 /* SYChoiceAbstract.h */ = {isa = PBXFileReference; fileEncoding = 4; lastKnownFileType = sourcecode.c.h; name = SYChoiceAbstract.h; path = Classes/SYChoiceAbstract.h; sourceTree = "<group>"; };
		44A494371E4CF5E1006CD069 /* SYChoiceAbstract.m */ = {isa = PBXFileReference; fileEncoding = 4; lastKnownFileType = sourcecode.c.objc; name = SYChoiceAbstract.m; path = Classes/SYChoiceAbstract.m; sourceTree = "<group>"; };
		44A502C31E47AB5A0008C4AD /* DiscoverLiveHelpViewController.h */ = {isa = PBXFileReference; fileEncoding = 4; lastKnownFileType = sourcecode.c.h; name = DiscoverLiveHelpViewController.h; path = ViewControllers/DiscoverLiveHelpViewController.h; sourceTree = "<group>"; };
		44A502C41E47AB5A0008C4AD /* DiscoverLiveHelpViewController.m */ = {isa = PBXFileReference; fileEncoding = 4; lastKnownFileType = sourcecode.c.objc; name = DiscoverLiveHelpViewController.m; path = ViewControllers/DiscoverLiveHelpViewController.m; sourceTree = "<group>"; };
		44AD3C3B1E561C9C008774CD /* SYTitle.h */ = {isa = PBXFileReference; fileEncoding = 4; lastKnownFileType = sourcecode.c.h; name = SYTitle.h; path = Classes/SYTitle.h; sourceTree = "<group>"; };
		44AD3C3C1E561C9C008774CD /* SYTitle.m */ = {isa = PBXFileReference; fileEncoding = 4; lastKnownFileType = sourcecode.c.objc; name = SYTitle.m; path = Classes/SYTitle.m; sourceTree = "<group>"; };
		44AD3C3E1E56333B008774CD /* TravelType_cn.txt */ = {isa = PBXFileReference; fileEncoding = 4; lastKnownFileType = text; name = TravelType_cn.txt; path = Resource/Category/TravelType_cn.txt; sourceTree = "<group>"; };
		44AD3C411E56557B008774CD /* SYChoiceCommentBasic.h */ = {isa = PBXFileReference; fileEncoding = 4; lastKnownFileType = sourcecode.c.h; name = SYChoiceCommentBasic.h; path = Classes/SYChoiceCommentBasic.h; sourceTree = "<group>"; };
		44AD3C421E56557B008774CD /* SYChoiceCommentBasic.m */ = {isa = PBXFileReference; fileEncoding = 4; lastKnownFileType = sourcecode.c.objc; name = SYChoiceCommentBasic.m; path = Classes/SYChoiceCommentBasic.m; sourceTree = "<group>"; };
		44AD3C441E566B9D008774CD /* SYShare.h */ = {isa = PBXFileReference; fileEncoding = 4; lastKnownFileType = sourcecode.c.h; name = SYShare.h; path = Classes/SYShare.h; sourceTree = "<group>"; };
		44AD3C451E566B9D008774CD /* SYShare.m */ = {isa = PBXFileReference; fileEncoding = 4; lastKnownFileType = sourcecode.c.objc; name = SYShare.m; path = Classes/SYShare.m; sourceTree = "<group>"; };
		44B815011E552F18008B98F3 /* DiscoverTravelShareViewController.h */ = {isa = PBXFileReference; fileEncoding = 4; lastKnownFileType = sourcecode.c.h; name = DiscoverTravelShareViewController.h; path = ViewControllers/DiscoverTravelShareViewController.h; sourceTree = "<group>"; };
		44B815021E552F18008B98F3 /* DiscoverTravelShareViewController.m */ = {isa = PBXFileReference; fileEncoding = 4; lastKnownFileType = sourcecode.c.objc; name = DiscoverTravelShareViewController.m; path = ViewControllers/DiscoverTravelShareViewController.m; sourceTree = "<group>"; };
		44B815041E552F2D008B98F3 /* DiscoverTravelHelpViewController.h */ = {isa = PBXFileReference; fileEncoding = 4; lastKnownFileType = sourcecode.c.h; name = DiscoverTravelHelpViewController.h; path = ViewControllers/DiscoverTravelHelpViewController.h; sourceTree = "<group>"; };
		44B815051E552F2D008B98F3 /* DiscoverTravelHelpViewController.m */ = {isa = PBXFileReference; fileEncoding = 4; lastKnownFileType = sourcecode.c.objc; name = DiscoverTravelHelpViewController.m; path = ViewControllers/DiscoverTravelHelpViewController.m; sourceTree = "<group>"; };
		44B815071E553467008B98F3 /* DiscoverTravelShareSecondViewController.h */ = {isa = PBXFileReference; fileEncoding = 4; lastKnownFileType = sourcecode.c.h; name = DiscoverTravelShareSecondViewController.h; path = ViewControllers/DiscoverTravelShareSecondViewController.h; sourceTree = "<group>"; };
		44B815081E553467008B98F3 /* DiscoverTravelShareSecondViewController.m */ = {isa = PBXFileReference; fileEncoding = 4; lastKnownFileType = sourcecode.c.objc; name = DiscoverTravelShareSecondViewController.m; path = ViewControllers/DiscoverTravelShareSecondViewController.m; sourceTree = "<group>"; };
		44C89E7F1E5CE6C500ADC9CF /* SYRelatedShare.h */ = {isa = PBXFileReference; fileEncoding = 4; lastKnownFileType = sourcecode.c.h; name = SYRelatedShare.h; path = Classes/SYRelatedShare.h; sourceTree = "<group>"; };
		44C89E801E5CE6C500ADC9CF /* SYRelatedShare.m */ = {isa = PBXFileReference; fileEncoding = 4; lastKnownFileType = sourcecode.c.objc; name = SYRelatedShare.m; path = Classes/SYRelatedShare.m; sourceTree = "<group>"; };
		44C89E821E5D0F0600ADC9CF /* SYHelpContentView.h */ = {isa = PBXFileReference; fileEncoding = 4; lastKnownFileType = sourcecode.c.h; name = SYHelpContentView.h; path = Classes/SYHelpContentView.h; sourceTree = "<group>"; };
		44C89E831E5D0F0600ADC9CF /* SYHelpContentView.m */ = {isa = PBXFileReference; fileEncoding = 4; lastKnownFileType = sourcecode.c.objc; name = SYHelpContentView.m; path = Classes/SYHelpContentView.m; sourceTree = "<group>"; };
		44FBAA9F1E50DEB300A5F985 /* DiscoverEatHelpSecondViewController.h */ = {isa = PBXFileReference; fileEncoding = 4; lastKnownFileType = sourcecode.c.h; name = DiscoverEatHelpSecondViewController.h; path = ViewControllers/DiscoverEatHelpSecondViewController.h; sourceTree = "<group>"; };
		44FBAAA01E50DEB300A5F985 /* DiscoverEatHelpSecondViewController.m */ = {isa = PBXFileReference; fileEncoding = 4; lastKnownFileType = sourcecode.c.objc; name = DiscoverEatHelpSecondViewController.m; path = ViewControllers/DiscoverEatHelpSecondViewController.m; sourceTree = "<group>"; };
/* End PBXFileReference section */

/* Begin PBXFrameworksBuildPhase section */
		442F482F1E31CC0F00FB0561 /* Frameworks */ = {
			isa = PBXFrameworksBuildPhase;
			buildActionMask = 2147483647;
			files = (
				447E41221E32BE3C0010CAA4 /* MapKit.framework in Frameworks */,
			);
			runOnlyForDeploymentPostprocessing = 0;
		};
		442F484B1E31CC1000FB0561 /* Frameworks */ = {
			isa = PBXFrameworksBuildPhase;
			buildActionMask = 2147483647;
			files = (
			);
			runOnlyForDeploymentPostprocessing = 0;
		};
		442F48561E31CC1000FB0561 /* Frameworks */ = {
			isa = PBXFrameworksBuildPhase;
			buildActionMask = 2147483647;
			files = (
			);
			runOnlyForDeploymentPostprocessing = 0;
		};
/* End PBXFrameworksBuildPhase section */

/* Begin PBXGroup section */
		442F48291E31CC0F00FB0561 = {
			isa = PBXGroup;
			children = (
				442F48341E31CC0F00FB0561 /* Sharmunity */,
				442F48511E31CC1000FB0561 /* SharmunityTests */,
				442F485C1E31CC1000FB0561 /* SharmunityUITests */,
				442F48331E31CC0F00FB0561 /* Products */,
				447E41201E32BE3C0010CAA4 /* Frameworks */,
			);
			sourceTree = "<group>";
		};
		442F48331E31CC0F00FB0561 /* Products */ = {
			isa = PBXGroup;
			children = (
				442F48321E31CC0F00FB0561 /* Sharmunity.app */,
				442F484E1E31CC1000FB0561 /* SharmunityTests.xctest */,
				442F48591E31CC1000FB0561 /* SharmunityUITests.xctest */,
			);
			name = Products;
			sourceTree = "<group>";
		};
		442F48341E31CC0F00FB0561 /* Sharmunity */ = {
			isa = PBXGroup;
			children = (
				442F48791E31DDEA00FB0561 /* Sharmunity.entitlements */,
				447E40E11E327CE00010CAA4 /* Resource */,
				442F486F1E31D19F00FB0561 /* Class */,
				442F48381E31CC0F00FB0561 /* AppDelegate.h */,
				442F48391E31CC0F00FB0561 /* AppDelegate.m */,
				442F48411E31CC0F00FB0561 /* Main.storyboard */,
				442F48751E31D4ED00FB0561 /* MainTabBarViewController.h */,
				442F48761E31D4ED00FB0561 /* MainTabBarViewController.m */,
				442F48741E31D30300FB0561 /* logInAndSignUp */,
				447E41121E3296B70010CAA4 /* Discover */,
				447E411A1E32B39D0010CAA4 /* Nearby */,
				447E411B1E32B3AE0010CAA4 /* Match */,
				447E41131E3296C20010CAA4 /* Account */,
				442F48441E31CC0F00FB0561 /* Assets.xcassets */,
				442F48461E31CC0F00FB0561 /* LaunchScreen.storyboard */,
				442F486B1E31D11500FB0561 /* LaunchScreenViewController.h */,
				442F486C1E31D11500FB0561 /* LaunchScreenViewController.m */,
				442F48491E31CC0F00FB0561 /* Info.plist */,
				442F48351E31CC0F00FB0561 /* Supporting Files */,
			);
			path = Sharmunity;
			sourceTree = "<group>";
		};
		442F48351E31CC0F00FB0561 /* Supporting Files */ = {
			isa = PBXGroup;
			children = (
				442F48361E31CC0F00FB0561 /* main.m */,
			);
			name = "Supporting Files";
			sourceTree = "<group>";
		};
		442F48511E31CC1000FB0561 /* SharmunityTests */ = {
			isa = PBXGroup;
			children = (
				442F48521E31CC1000FB0561 /* SharmunityTests.m */,
				442F48541E31CC1000FB0561 /* Info.plist */,
			);
			path = SharmunityTests;
			sourceTree = "<group>";
		};
		442F485C1E31CC1000FB0561 /* SharmunityUITests */ = {
			isa = PBXGroup;
			children = (
				442F485D1E31CC1000FB0561 /* SharmunityUITests.m */,
				442F485F1E31CC1000FB0561 /* Info.plist */,
			);
			path = SharmunityUITests;
			sourceTree = "<group>";
		};
		442F486F1E31D19F00FB0561 /* Class */ = {
			isa = PBXGroup;
			children = (
				4449115F1E5F866C000F3218 /* SYTextView */,
				4449115B1E5F8477000F3218 /* SYTextField */,
				44AD3C401E565551008774CD /* SYBasic */,
				44AD3C3A1E561C70008774CD /* SYTitleGenerator */,
				4470841A1E54FED200DEAB75 /* SYProfile */,
				44A4941F1E4CCE80006CD069 /* NMRangeSlider */,
				447E40DD1E3272C70010CAA4 /* SYHeader.h */,
				442F48701E31D2D300FB0561 /* Header.h */,
				447E40D91E3271660010CAA4 /* SYSuscard */,
				442F48781E31D6CB00FB0561 /* SYSignUp */,
				447E411F1E32B5080010CAA4 /* SYCell */,
				44A502C21E46BE570008C4AD /* SYPopOut */,
				44A494121E4CB3E0006CD069 /* SYMap */,
				44A494281E4CD52E006CD069 /* SYSlider */,
				44AD3C471E566BA3008774CD /* SYShare */,
				44A4943A1E4CF5F6006CD069 /* SYChoice */,
				44A494351E4CF087006CD069 /* SYHelp */,
			);
			name = Class;
			sourceTree = "<group>";
		};
		442F48741E31D30300FB0561 /* logInAndSignUp */ = {
			isa = PBXGroup;
			children = (
				442F48711E31D2F600FB0561 /* WelcomeViewController.h */,
				442F48721E31D2F600FB0561 /* WelcomeViewController.m */,
				442F487A1E31DE4B00FB0561 /* SignUpViewController.h */,
				442F487B1E31DE4B00FB0561 /* SignUpViewController.m */,
				447E410F1E327FD90010CAA4 /* VerificationWarningViewController.h */,
				447E41101E327FD90010CAA4 /* VerificationWarningViewController.m */,
			);
			name = logInAndSignUp;
			sourceTree = "<group>";
		};
		442F48781E31D6CB00FB0561 /* SYSignUp */ = {
			isa = PBXGroup;
			children = (
				442F487D1E31DF8200FB0561 /* SYSignUpHeader.h */,
				442F487E1E31E03D00FB0561 /* SYSignUpEmail.h */,
				442F487F1E31E03D00FB0561 /* SYSignUpEmail.m */,
				447E40DE1E32789F0010CAA4 /* SYSignUpPassword.h */,
				447E40DF1E32789F0010CAA4 /* SYSignUpPassword.m */,
			);
			name = SYSignUp;
			sourceTree = "<group>";
		};
		4449115B1E5F8477000F3218 /* SYTextField */ = {
			isa = PBXGroup;
			children = (
				4449115C1E5F849A000F3218 /* SYTextField.h */,
				4449115D1E5F849A000F3218 /* SYTextField.m */,
			);
			name = SYTextField;
			sourceTree = "<group>";
		};
		4449115F1E5F866C000F3218 /* SYTextView */ = {
			isa = PBXGroup;
			children = (
				444911601E5F8689000F3218 /* SYTextView.h */,
				444911611E5F8689000F3218 /* SYTextView.m */,
			);
			name = SYTextView;
			sourceTree = "<group>";
		};
		4470841A1E54FED200DEAB75 /* SYProfile */ = {
			isa = PBXGroup;
			children = (
				447084231E55713F00DEAB75 /* SYProfileExtend */,
				4470841B1E54FEDB00DEAB75 /* SYProfileHead */,
			);
			name = SYProfile;
			sourceTree = "<group>";
		};
		4470841B1E54FEDB00DEAB75 /* SYProfileHead */ = {
			isa = PBXGroup;
			children = (
				4470841C1E54FEFC00DEAB75 /* SYProfileHead.h */,
				4470841D1E54FEFC00DEAB75 /* SYProfileHead.m */,
			);
			name = SYProfileHead;
			sourceTree = "<group>";
		};
		4470841F1E5512E700DEAB75 /* SYChoiceDetail */ = {
			isa = PBXGroup;
			children = (
				447084201E5512FC00DEAB75 /* SYChoiceDetail.h */,
				447084211E5512FC00DEAB75 /* SYChoiceDetail.m */,
			);
			name = SYChoiceDetail;
			sourceTree = "<group>";
		};
		447084231E55713F00DEAB75 /* SYProfileExtend */ = {
			isa = PBXGroup;
			children = (
				447084241E55715800DEAB75 /* SYProfileExtend.h */,
				447084251E55715800DEAB75 /* SYProfileExtend.m */,
			);
			name = SYProfileExtend;
			sourceTree = "<group>";
		};
		447E40D91E3271660010CAA4 /* SYSuscard */ = {
			isa = PBXGroup;
			children = (
				447E40DA1E3271E40010CAA4 /* SYSuscard.h */,
				447E40DB1E3271E40010CAA4 /* SYSuscard.m */,
			);
			name = SYSuscard;
			sourceTree = "<group>";
		};
		447E40E11E327CE00010CAA4 /* Resource */ = {
			isa = PBXGroup;
			children = (
				44A494091E4CA649006CD069 /* category */,
				447E40E21E327CF10010CAA4 /* Font */,
			);
			name = Resource;
			sourceTree = "<group>";
		};
		447E40E21E327CF10010CAA4 /* Font */ = {
			isa = PBXGroup;
			children = (
				447E40E31E327D0C0010CAA4 /* License Agreement for SF UI Font.pdf */,
				447E40E41E327D0C0010CAA4 /* SF-UI-Display-Black.otf */,
				447E40E51E327D0C0010CAA4 /* SF-UI-Display-Bold.otf */,
				447E40E61E327D0C0010CAA4 /* SF-UI-Display-Heavy.otf */,
				447E40E71E327D0C0010CAA4 /* SF-UI-Display-Light.otf */,
				447E40E81E327D0C0010CAA4 /* SF-UI-Display-Medium.otf */,
				447E40E91E327D0C0010CAA4 /* SF-UI-Display-Regular.otf */,
				447E40EA1E327D0C0010CAA4 /* SF-UI-Display-Semibold.otf */,
				447E40EB1E327D0C0010CAA4 /* SF-UI-Display-Thin.otf */,
				447E40EC1E327D0C0010CAA4 /* SF-UI-Display-Ultralight.otf */,
				447E40ED1E327D0C0010CAA4 /* SF-UI-Text-Bold.otf */,
				447E40EE1E327D0C0010CAA4 /* SF-UI-Text-BoldItalic.otf */,
				447E40EF1E327D0D0010CAA4 /* SF-UI-Text-Heavy.otf */,
				447E40F01E327D0D0010CAA4 /* SF-UI-Text-HeavyItalic.otf */,
				447E40F11E327D0D0010CAA4 /* SF-UI-Text-Light.otf */,
				447E40F21E327D0D0010CAA4 /* SF-UI-Text-LightItalic.otf */,
				447E40F31E327D0D0010CAA4 /* SF-UI-Text-Medium.otf */,
				447E40F41E327D0D0010CAA4 /* SF-UI-Text-MediumItalic.otf */,
				447E40F51E327D0D0010CAA4 /* SF-UI-Text-Regular.otf */,
				447E40F61E327D0D0010CAA4 /* SF-UI-Text-RegularItalic.otf */,
				447E40F71E327D0D0010CAA4 /* SF-UI-Text-Semibold.otf */,
				447E40F81E327D0D0010CAA4 /* SF-UI-Text-SemiboldItalic.otf */,
			);
			name = Font;
			sourceTree = "<group>";
		};
		447E41121E3296B70010CAA4 /* Discover */ = {
			isa = PBXGroup;
			children = (
				447E41171E32B0030010CAA4 /* DiscoverMainViewController.h */,
				447E41181E32B0030010CAA4 /* DiscoverMainViewController.m */,
				44A502C71E47AB6B0008C4AD /* Eat */,
				44A502C61E47AB5F0008C4AD /* Live */,
				44A173DE1E52351B00FABC4F /* Learn */,
				44A173EB1E540F2C00FABC4F /* Play */,
				44B815001E552E74008B98F3 /* Travel */,
				44A4940C1E4CB169006CD069 /* DiscoverLocationViewController.h */,
				44A4940D1E4CB169006CD069 /* DiscoverLocationViewController.m */,
			);
			name = Discover;
			sourceTree = "<group>";
		};
		447E41131E3296C20010CAA4 /* Account */ = {
			isa = PBXGroup;
			children = (
				447E41141E3296EF0010CAA4 /* AccountMainViewController.h */,
				447E41151E3296EF0010CAA4 /* AccountMainViewController.m */,
			);
			name = Account;
			sourceTree = "<group>";
		};
		447E411A1E32B39D0010CAA4 /* Nearby */ = {
			isa = PBXGroup;
			children = (
				44A4942C1E4CE4A7006CD069 /* NearbyMapViewController.h */,
				44A4942D1E4CE4A7006CD069 /* NearbyMapViewController.m */,
			);
			name = Nearby;
			sourceTree = "<group>";
		};
		447E411B1E32B3AE0010CAA4 /* Match */ = {
			isa = PBXGroup;
			children = (
				447084171E54FEB800DEAB75 /* ChoiceDetailViewController.h */,
				447084181E54FEB800DEAB75 /* ChoiceDetailViewController.m */,
			);
			name = Match;
			sourceTree = "<group>";
		};
		447E411F1E32B5080010CAA4 /* SYCell */ = {
			isa = PBXGroup;
			children = (
				447E411C1E32B5010010CAA4 /* SYCell.h */,
				447E411D1E32B5010010CAA4 /* SYCell.m */,
			);
			name = SYCell;
			sourceTree = "<group>";
		};
		447E41201E32BE3C0010CAA4 /* Frameworks */ = {
			isa = PBXGroup;
			children = (
				447E41211E32BE3C0010CAA4 /* MapKit.framework */,
			);
			name = Frameworks;
			sourceTree = "<group>";
		};
		44A173DE1E52351B00FABC4F /* Learn */ = {
			isa = PBXGroup;
			children = (
				44A173DF1E52354000FABC4F /* DiscoverLearnShareViewController.h */,
				44A173E01E52354000FABC4F /* DiscoverLearnShareViewController.m */,
				44A173E51E52387800FABC4F /* DiscoverLearnShareSubmitViewController.h */,
				44A173E61E52387800FABC4F /* DiscoverLearnShareSubmitViewController.m */,
				44A173E21E52355A00FABC4F /* DiscoverLearnHelpViewController.h */,
				44A173E31E52355A00FABC4F /* DiscoverLearnHelpViewController.m */,
				44A173E81E52388D00FABC4F /* DiscoverLearnHelpSubmitViewController.h */,
				44A173E91E52388D00FABC4F /* DiscoverLearnHelpSubmitViewController.m */,
			);
			name = Learn;
			sourceTree = "<group>";
		};
		44A173EB1E540F2C00FABC4F /* Play */ = {
			isa = PBXGroup;
			children = (
				44A173EC1E540F8300FABC4F /* DiscoverPlayShareViewController.h */,
				44A173ED1E540F8300FABC4F /* DiscoverPlayShareViewController.m */,
				4470840B1E542BF800DEAB75 /* DiscoverPlayShareActiveViewController.h */,
				4470840C1E542BF800DEAB75 /* DiscoverPlayShareActiveViewController.m */,
				44A173EF1E54105C00FABC4F /* DiscoverPlayHelpViewController.h */,
				44A173F01E54105C00FABC4F /* DiscoverPlayHelpViewController.m */,
				447084101E54E9A600DEAB75 /* DiscoverPlayHelpActiveViewController.h */,
				447084111E54E9A600DEAB75 /* DiscoverPlayHelpActiveViewController.m */,
			);
			name = Play;
			sourceTree = "<group>";
		};
		44A494091E4CA649006CD069 /* category */ = {
			isa = PBXGroup;
			children = (
				44AD3C3E1E56333B008774CD /* TravelType_cn.txt */,
				4470840E1E54BC9800DEAB75 /* PlayType_cn.txt */,
				4426A0DC1E4FF22B00D91D6F /* EatFood_cn.txt */,
				4426A0DD1E4FF22B00D91D6F /* EatSubRegion_cn.txt */,
				4426A0D41E4FD44600D91D6F /* EatRegion_cn.txt */,
				44A4940A1E4CA659006CD069 /* roomType.txt */,
			);
			name = category;
			sourceTree = "<group>";
		};
		44A494121E4CB3E0006CD069 /* SYMap */ = {
			isa = PBXGroup;
			children = (
				44A4940F1E4CB3DD006CD069 /* SYMap.h */,
				44A494101E4CB3DD006CD069 /* SYMap.m */,
				44A494131E4CB515006CD069 /* MapPin.h */,
				44A494141E4CB515006CD069 /* MapPin.m */,
				44A494161E4CB74B006CD069 /* SYAnnotationView.h */,
				44A494171E4CB74B006CD069 /* SYAnnotationView.m */,
				44A494291E4CE380006CD069 /* SYActiveMap.h */,
				44A4942A1E4CE380006CD069 /* SYActiveMap.m */,
			);
			name = SYMap;
			sourceTree = "<group>";
		};
		44A4941F1E4CCE80006CD069 /* NMRangeSlider */ = {
			isa = PBXGroup;
			children = (
				44A4941C1E4CCE79006CD069 /* NMRangeSlider.h */,
				44A4941D1E4CCE79006CD069 /* NMRangeSlider.m */,
			);
			name = NMRangeSlider;
			sourceTree = "<group>";
		};
		44A494231E4CCEBF006CD069 /* SYPriceSlider */ = {
			isa = PBXGroup;
			children = (
				44A494201E4CCEBA006CD069 /* SYPriceSlider.h */,
				44A494211E4CCEBA006CD069 /* SYPriceSlider.m */,
			);
			name = SYPriceSlider;
			sourceTree = "<group>";
		};
		44A494271E4CD51F006CD069 /* SYDistanceSlider */ = {
			isa = PBXGroup;
			children = (
				44A494241E4CD516006CD069 /* SYDistanceSlider.h */,
				44A494251E4CD516006CD069 /* SYDistanceSlider.m */,
			);
			name = SYDistanceSlider;
			sourceTree = "<group>";
		};
		44A494281E4CD52E006CD069 /* SYSlider */ = {
			isa = PBXGroup;
			children = (
				44A494271E4CD51F006CD069 /* SYDistanceSlider */,
				44A494231E4CCEBF006CD069 /* SYPriceSlider */,
			);
			name = SYSlider;
			sourceTree = "<group>";
		};
		44A494351E4CF087006CD069 /* SYHelp */ = {
			isa = PBXGroup;
			children = (
				44A494321E4CF07B006CD069 /* SYHelp.h */,
				44A494331E4CF07B006CD069 /* SYHelp.m */,
				44C89E821E5D0F0600ADC9CF /* SYHelpContentView.h */,
				44C89E831E5D0F0600ADC9CF /* SYHelpContentView.m */,
			);
			name = SYHelp;
			sourceTree = "<group>";
		};
		44A494391E4CF5E9006CD069 /* SYChoiceAbstract */ = {
			isa = PBXGroup;
			children = (
				44A494361E4CF5E1006CD069 /* SYChoiceAbstract.h */,
				44A494371E4CF5E1006CD069 /* SYChoiceAbstract.m */,
			);
			name = SYChoiceAbstract;
			sourceTree = "<group>";
		};
		44A4943A1E4CF5F6006CD069 /* SYChoice */ = {
			isa = PBXGroup;
			children = (
				4470841F1E5512E700DEAB75 /* SYChoiceDetail */,
				44A494391E4CF5E9006CD069 /* SYChoiceAbstract */,
			);
			name = SYChoice;
			sourceTree = "<group>";
		};
		44A502C21E46BE570008C4AD /* SYPopOut */ = {
			isa = PBXGroup;
			children = (
				44101A861E46AEE100BB96B1 /* SYPopOut.h */,
				44101A871E46AEE100BB96B1 /* SYPopOut.m */,
			);
			name = SYPopOut;
			sourceTree = "<group>";
		};
		44A502C61E47AB5F0008C4AD /* Live */ = {
			isa = PBXGroup;
			children = (
				44A494031E4C8180006CD069 /* DiscoverLiveShareViewController.h */,
				44A494041E4C8180006CD069 /* DiscoverLiveShareViewController.m */,
				44A494061E4C84C7006CD069 /* DiscoverLiveShareLeaseViewController.h */,
				44A494071E4C84C7006CD069 /* DiscoverLiveShareLeaseViewController.m */,
				44A494191E4CBA7D006CD069 /* DiscoverLiveShareSubmitViewController.h */,
				44A4941A1E4CBA7D006CD069 /* DiscoverLiveShareSubmitViewController.m */,
				44A502C31E47AB5A0008C4AD /* DiscoverLiveHelpViewController.h */,
				44A502C41E47AB5A0008C4AD /* DiscoverLiveHelpViewController.m */,
				44A494001E4C7F7A006CD069 /* DiscoverLiveHelpRentViewController.h */,
				44A494011E4C7F7A006CD069 /* DiscoverLiveHelpRentViewController.m */,
				44A4942F1E4CE79F006CD069 /* DiscoverLiveHelpSubmitViewController.h */,
				44A494301E4CE79F006CD069 /* DiscoverLiveHelpSubmitViewController.m */,
			);
			name = Live;
			sourceTree = "<group>";
		};
		44A502C71E47AB6B0008C4AD /* Eat */ = {
			isa = PBXGroup;
			children = (
				4426A0D61E4FD7B300D91D6F /* DiscoverEatShareViewController.h */,
				4426A0D71E4FD7B300D91D6F /* DiscoverEatShareViewController.m */,
				4426A0D91E4FD97800D91D6F /* DiscoverEatShareSecondViewController.h */,
				4426A0DA1E4FD97800D91D6F /* DiscoverEatShareRegionViewController.m */,
				44101A831E3E64F200BB96B1 /* DiscoverEatHelpViewController.h */,
				44101A841E3E64F200BB96B1 /* DiscoverEatHelpViewController.m */,
				44FBAA9F1E50DEB300A5F985 /* DiscoverEatHelpSecondViewController.h */,
				44FBAAA01E50DEB300A5F985 /* DiscoverEatHelpSecondViewController.m */,
			);
			name = Eat;
			sourceTree = "<group>";
		};
		44AD3C3A1E561C70008774CD /* SYTitleGenerator */ = {
			isa = PBXGroup;
			children = (
				44AD3C3B1E561C9C008774CD /* SYTitle.h */,
				44AD3C3C1E561C9C008774CD /* SYTitle.m */,
			);
			name = SYTitleGenerator;
			sourceTree = "<group>";
		};
		44AD3C401E565551008774CD /* SYBasic */ = {
			isa = PBXGroup;
			children = (
				44AD3C411E56557B008774CD /* SYChoiceCommentBasic.h */,
				44AD3C421E56557B008774CD /* SYChoiceCommentBasic.m */,
			);
			name = SYBasic;
			sourceTree = "<group>";
		};
		44AD3C471E566BA3008774CD /* SYShare */ = {
			isa = PBXGroup;
			children = (
				44AD3C441E566B9D008774CD /* SYShare.h */,
				44AD3C451E566B9D008774CD /* SYShare.m */,
				44C89E7F1E5CE6C500ADC9CF /* SYRelatedShare.h */,
				44C89E801E5CE6C500ADC9CF /* SYRelatedShare.m */,
			);
			name = SYShare;
			sourceTree = "<group>";
		};
		44B815001E552E74008B98F3 /* Travel */ = {
			isa = PBXGroup;
			children = (
				44B815011E552F18008B98F3 /* DiscoverTravelShareViewController.h */,
				44B815021E552F18008B98F3 /* DiscoverTravelShareViewController.m */,
				44B815071E553467008B98F3 /* DiscoverTravelShareSecondViewController.h */,
				44B815081E553467008B98F3 /* DiscoverTravelShareSecondViewController.m */,
				44B815041E552F2D008B98F3 /* DiscoverTravelHelpViewController.h */,
				44B815051E552F2D008B98F3 /* DiscoverTravelHelpViewController.m */,
				447084271E5578CB00DEAB75 /* DiscoverTravelHelpSecondViewController.h */,
				447084281E5578CB00DEAB75 /* DiscoverTravelHelpSecondViewController.m */,
			);
			name = Travel;
			sourceTree = "<group>";
		};
/* End PBXGroup section */

/* Begin PBXNativeTarget section */
		442F48311E31CC0F00FB0561 /* Sharmunity */ = {
			isa = PBXNativeTarget;
			buildConfigurationList = 442F48621E31CC1000FB0561 /* Build configuration list for PBXNativeTarget "Sharmunity" */;
			buildPhases = (
				442F482E1E31CC0F00FB0561 /* Sources */,
				442F482F1E31CC0F00FB0561 /* Frameworks */,
				442F48301E31CC0F00FB0561 /* Resources */,
			);
			buildRules = (
			);
			dependencies = (
			);
			name = Sharmunity;
			productName = Sharmunity;
			productReference = 442F48321E31CC0F00FB0561 /* Sharmunity.app */;
			productType = "com.apple.product-type.application";
		};
		442F484D1E31CC1000FB0561 /* SharmunityTests */ = {
			isa = PBXNativeTarget;
			buildConfigurationList = 442F48651E31CC1000FB0561 /* Build configuration list for PBXNativeTarget "SharmunityTests" */;
			buildPhases = (
				442F484A1E31CC1000FB0561 /* Sources */,
				442F484B1E31CC1000FB0561 /* Frameworks */,
				442F484C1E31CC1000FB0561 /* Resources */,
			);
			buildRules = (
			);
			dependencies = (
				442F48501E31CC1000FB0561 /* PBXTargetDependency */,
			);
			name = SharmunityTests;
			productName = SharmunityTests;
			productReference = 442F484E1E31CC1000FB0561 /* SharmunityTests.xctest */;
			productType = "com.apple.product-type.bundle.unit-test";
		};
		442F48581E31CC1000FB0561 /* SharmunityUITests */ = {
			isa = PBXNativeTarget;
			buildConfigurationList = 442F48681E31CC1000FB0561 /* Build configuration list for PBXNativeTarget "SharmunityUITests" */;
			buildPhases = (
				442F48551E31CC1000FB0561 /* Sources */,
				442F48561E31CC1000FB0561 /* Frameworks */,
				442F48571E31CC1000FB0561 /* Resources */,
			);
			buildRules = (
			);
			dependencies = (
				442F485B1E31CC1000FB0561 /* PBXTargetDependency */,
			);
			name = SharmunityUITests;
			productName = SharmunityUITests;
			productReference = 442F48591E31CC1000FB0561 /* SharmunityUITests.xctest */;
			productType = "com.apple.product-type.bundle.ui-testing";
		};
/* End PBXNativeTarget section */

/* Begin PBXProject section */
		442F482A1E31CC0F00FB0561 /* Project object */ = {
			isa = PBXProject;
			attributes = {
				LastUpgradeCheck = 0820;
				ORGANIZATIONNAME = Sharmunity;
				TargetAttributes = {
					442F48311E31CC0F00FB0561 = {
						CreatedOnToolsVersion = 8.2.1;
						DevelopmentTeam = T844TE94T5;
						ProvisioningStyle = Automatic;
						SystemCapabilities = {
							com.apple.Push = {
								enabled = 1;
							};
						};
					};
					442F484D1E31CC1000FB0561 = {
						CreatedOnToolsVersion = 8.2.1;
						DevelopmentTeam = T844TE94T5;
						ProvisioningStyle = Automatic;
						TestTargetID = 442F48311E31CC0F00FB0561;
					};
					442F48581E31CC1000FB0561 = {
						CreatedOnToolsVersion = 8.2.1;
						DevelopmentTeam = T844TE94T5;
						ProvisioningStyle = Automatic;
						TestTargetID = 442F48311E31CC0F00FB0561;
					};
				};
			};
			buildConfigurationList = 442F482D1E31CC0F00FB0561 /* Build configuration list for PBXProject "Sharmunity" */;
			compatibilityVersion = "Xcode 3.2";
			developmentRegion = English;
			hasScannedForEncodings = 0;
			knownRegions = (
				en,
				Base,
			);
			mainGroup = 442F48291E31CC0F00FB0561;
			productRefGroup = 442F48331E31CC0F00FB0561 /* Products */;
			projectDirPath = "";
			projectRoot = "";
			targets = (
				442F48311E31CC0F00FB0561 /* Sharmunity */,
				442F484D1E31CC1000FB0561 /* SharmunityTests */,
				442F48581E31CC1000FB0561 /* SharmunityUITests */,
			);
		};
/* End PBXProject section */

/* Begin PBXResourcesBuildPhase section */
		442F48301E31CC0F00FB0561 /* Resources */ = {
			isa = PBXResourcesBuildPhase;
			buildActionMask = 2147483647;
			files = (
				447E410D1E327D0D0010CAA4 /* SF-UI-Text-Semibold.otf in Resources */,
				447E40FA1E327D0D0010CAA4 /* SF-UI-Display-Black.otf in Resources */,
				447E410A1E327D0D0010CAA4 /* SF-UI-Text-MediumItalic.otf in Resources */,
				447E40F91E327D0D0010CAA4 /* License Agreement for SF UI Font.pdf in Resources */,
				447E40FF1E327D0D0010CAA4 /* SF-UI-Display-Regular.otf in Resources */,
				4426A0DF1E4FF22B00D91D6F /* EatSubRegion_cn.txt in Resources */,
				447E40FD1E327D0D0010CAA4 /* SF-UI-Display-Light.otf in Resources */,
				4426A0D51E4FD44600D91D6F /* EatRegion_cn.txt in Resources */,
				447E41021E327D0D0010CAA4 /* SF-UI-Display-Ultralight.otf in Resources */,
				44AD3C3F1E56333B008774CD /* TravelType_cn.txt in Resources */,
				447E41011E327D0D0010CAA4 /* SF-UI-Display-Thin.otf in Resources */,
				447E40FE1E327D0D0010CAA4 /* SF-UI-Display-Medium.otf in Resources */,
				4470840F1E54BC9800DEAB75 /* PlayType_cn.txt in Resources */,
				442F48481E31CC0F00FB0561 /* LaunchScreen.storyboard in Resources */,
				447E41091E327D0D0010CAA4 /* SF-UI-Text-Medium.otf in Resources */,
				447E41031E327D0D0010CAA4 /* SF-UI-Text-Bold.otf in Resources */,
				442F48451E31CC0F00FB0561 /* Assets.xcassets in Resources */,
				447E40FB1E327D0D0010CAA4 /* SF-UI-Display-Bold.otf in Resources */,
				447E41051E327D0D0010CAA4 /* SF-UI-Text-Heavy.otf in Resources */,
				447E410C1E327D0D0010CAA4 /* SF-UI-Text-RegularItalic.otf in Resources */,
				447E410B1E327D0D0010CAA4 /* SF-UI-Text-Regular.otf in Resources */,
				447E410E1E327D0D0010CAA4 /* SF-UI-Text-SemiboldItalic.otf in Resources */,
				447E40FC1E327D0D0010CAA4 /* SF-UI-Display-Heavy.otf in Resources */,
				442F48431E31CC0F00FB0561 /* Main.storyboard in Resources */,
				447E41061E327D0D0010CAA4 /* SF-UI-Text-HeavyItalic.otf in Resources */,
				44A4940B1E4CA659006CD069 /* roomType.txt in Resources */,
				447E41041E327D0D0010CAA4 /* SF-UI-Text-BoldItalic.otf in Resources */,
				447E41081E327D0D0010CAA4 /* SF-UI-Text-LightItalic.otf in Resources */,
				447E41071E327D0D0010CAA4 /* SF-UI-Text-Light.otf in Resources */,
				4426A0DE1E4FF22B00D91D6F /* EatFood_cn.txt in Resources */,
				447E41001E327D0D0010CAA4 /* SF-UI-Display-Semibold.otf in Resources */,
			);
			runOnlyForDeploymentPostprocessing = 0;
		};
		442F484C1E31CC1000FB0561 /* Resources */ = {
			isa = PBXResourcesBuildPhase;
			buildActionMask = 2147483647;
			files = (
			);
			runOnlyForDeploymentPostprocessing = 0;
		};
		442F48571E31CC1000FB0561 /* Resources */ = {
			isa = PBXResourcesBuildPhase;
			buildActionMask = 2147483647;
			files = (
			);
			runOnlyForDeploymentPostprocessing = 0;
		};
/* End PBXResourcesBuildPhase section */

/* Begin PBXSourcesBuildPhase section */
		442F482E1E31CC0F00FB0561 /* Sources */ = {
			isa = PBXSourcesBuildPhase;
			buildActionMask = 2147483647;
			files = (
				44A494261E4CD516006CD069 /* SYDistanceSlider.m in Sources */,
				442F48771E31D4ED00FB0561 /* MainTabBarViewController.m in Sources */,
				44A173F11E54105C00FABC4F /* DiscoverPlayHelpViewController.m in Sources */,
				44A4942B1E4CE380006CD069 /* SYActiveMap.m in Sources */,
				442F483A1E31CC0F00FB0561 /* AppDelegate.m in Sources */,
				44A494181E4CB74B006CD069 /* SYAnnotationView.m in Sources */,
				447E41191E32B0030010CAA4 /* DiscoverMainViewController.m in Sources */,
				447E40E01E32789F0010CAA4 /* SYSignUpPassword.m in Sources */,
				44A173E41E52355A00FABC4F /* DiscoverLearnHelpViewController.m in Sources */,
				44A502C51E47AB5A0008C4AD /* DiscoverLiveHelpViewController.m in Sources */,
				44B815061E552F2D008B98F3 /* DiscoverTravelHelpViewController.m in Sources */,
				447E411E1E32B5010010CAA4 /* SYCell.m in Sources */,
				44A494081E4C84C7006CD069 /* DiscoverLiveShareLeaseViewController.m in Sources */,
				447084191E54FEB800DEAB75 /* ChoiceDetailViewController.m in Sources */,
				447084121E54E9A600DEAB75 /* DiscoverPlayHelpActiveViewController.m in Sources */,
				44AD3C431E56557B008774CD /* SYChoiceCommentBasic.m in Sources */,
				447E41161E3296EF0010CAA4 /* AccountMainViewController.m in Sources */,
				44A494341E4CF07B006CD069 /* SYHelp.m in Sources */,
				4426A0DB1E4FD97800D91D6F /* DiscoverEatShareRegionViewController.m in Sources */,
				44A4940E1E4CB169006CD069 /* DiscoverLocationViewController.m in Sources */,
				44101A881E46AEE100BB96B1 /* SYPopOut.m in Sources */,
				444911621E5F8689000F3218 /* SYTextView.m in Sources */,
				442F487C1E31DE4B00FB0561 /* SignUpViewController.m in Sources */,
				44101A851E3E64F200BB96B1 /* DiscoverEatHelpViewController.m in Sources */,
				44A494111E4CB3DD006CD069 /* SYMap.m in Sources */,
				447E41111E327FD90010CAA4 /* VerificationWarningViewController.m in Sources */,
				44A4941B1E4CBA7D006CD069 /* DiscoverLiveShareSubmitViewController.m in Sources */,
				4470841E1E54FEFC00DEAB75 /* SYProfileHead.m in Sources */,
				44AD3C3D1E561C9C008774CD /* SYTitle.m in Sources */,
				4426A0D81E4FD7B300D91D6F /* DiscoverEatShareViewController.m in Sources */,
				44A494151E4CB515006CD069 /* MapPin.m in Sources */,
				442F486D1E31D11500FB0561 /* LaunchScreenViewController.m in Sources */,
				44A4941E1E4CCE79006CD069 /* NMRangeSlider.m in Sources */,
				447084221E5512FC00DEAB75 /* SYChoiceDetail.m in Sources */,
				44C89E841E5D0F0600ADC9CF /* SYHelpContentView.m in Sources */,
				44C89E811E5CE6C500ADC9CF /* SYRelatedShare.m in Sources */,
				44AD3C461E566B9D008774CD /* SYShare.m in Sources */,
				44A173EE1E540F8300FABC4F /* DiscoverPlayShareViewController.m in Sources */,
				442F48801E31E03D00FB0561 /* SYSignUpEmail.m in Sources */,
				44A173E71E52387800FABC4F /* DiscoverLearnShareSubmitViewController.m in Sources */,
				44B815091E553467008B98F3 /* DiscoverTravelShareSecondViewController.m in Sources */,
				44A494051E4C8180006CD069 /* DiscoverLiveShareViewController.m in Sources */,
				44A494381E4CF5E1006CD069 /* SYChoiceAbstract.m in Sources */,
				44A494021E4C7F7A006CD069 /* DiscoverLiveHelpRentViewController.m in Sources */,
				44A494311E4CE79F006CD069 /* DiscoverLiveHelpSubmitViewController.m in Sources */,
				4449115E1E5F849A000F3218 /* SYTextField.m in Sources */,
				44A494221E4CCEBA006CD069 /* SYPriceSlider.m in Sources */,
				442F48371E31CC0F00FB0561 /* main.m in Sources */,
				4470840D1E542BF800DEAB75 /* DiscoverPlayShareActiveViewController.m in Sources */,
				442F48731E31D2F600FB0561 /* WelcomeViewController.m in Sources */,
				44A173E11E52354000FABC4F /* DiscoverLearnShareViewController.m in Sources */,
				44B815031E552F18008B98F3 /* DiscoverTravelShareViewController.m in Sources */,
				447084261E55715800DEAB75 /* SYProfileExtend.m in Sources */,
				447E40DC1E3271E40010CAA4 /* SYSuscard.m in Sources */,
				447084291E5578CB00DEAB75 /* DiscoverTravelHelpSecondViewController.m in Sources */,
				44A173EA1E52388D00FABC4F /* DiscoverLearnHelpSubmitViewController.m in Sources */,
				44A4942E1E4CE4A7006CD069 /* NearbyMapViewController.m in Sources */,
				44FBAAA11E50DEB300A5F985 /* DiscoverEatHelpSecondViewController.m in Sources */,
			);
			runOnlyForDeploymentPostprocessing = 0;
		};
		442F484A1E31CC1000FB0561 /* Sources */ = {
			isa = PBXSourcesBuildPhase;
			buildActionMask = 2147483647;
			files = (
				44AD3C481E56BFA1008774CD /* SignUpViewController.m in Sources */,
				442F48531E31CC1000FB0561 /* SharmunityTests.m in Sources */,
			);
			runOnlyForDeploymentPostprocessing = 0;
		};
		442F48551E31CC1000FB0561 /* Sources */ = {
			isa = PBXSourcesBuildPhase;
			buildActionMask = 2147483647;
			files = (
				442F485E1E31CC1000FB0561 /* SharmunityUITests.m in Sources */,
			);
			runOnlyForDeploymentPostprocessing = 0;
		};
/* End PBXSourcesBuildPhase section */

/* Begin PBXTargetDependency section */
		442F48501E31CC1000FB0561 /* PBXTargetDependency */ = {
			isa = PBXTargetDependency;
			target = 442F48311E31CC0F00FB0561 /* Sharmunity */;
			targetProxy = 442F484F1E31CC1000FB0561 /* PBXContainerItemProxy */;
		};
		442F485B1E31CC1000FB0561 /* PBXTargetDependency */ = {
			isa = PBXTargetDependency;
			target = 442F48311E31CC0F00FB0561 /* Sharmunity */;
			targetProxy = 442F485A1E31CC1000FB0561 /* PBXContainerItemProxy */;
		};
/* End PBXTargetDependency section */

/* Begin PBXVariantGroup section */
		442F48411E31CC0F00FB0561 /* Main.storyboard */ = {
			isa = PBXVariantGroup;
			children = (
				442F48421E31CC0F00FB0561 /* Base */,
			);
			name = Main.storyboard;
			sourceTree = "<group>";
		};
		442F48461E31CC0F00FB0561 /* LaunchScreen.storyboard */ = {
			isa = PBXVariantGroup;
			children = (
				442F48471E31CC0F00FB0561 /* Base */,
			);
			name = LaunchScreen.storyboard;
			sourceTree = "<group>";
		};
/* End PBXVariantGroup section */

/* Begin XCBuildConfiguration section */
		442F48601E31CC1000FB0561 /* Debug */ = {
			isa = XCBuildConfiguration;
			buildSettings = {
				ALWAYS_SEARCH_USER_PATHS = NO;
				CLANG_ANALYZER_NONNULL = YES;
				CLANG_CXX_LANGUAGE_STANDARD = "gnu++0x";
				CLANG_CXX_LIBRARY = "libc++";
				CLANG_ENABLE_MODULES = YES;
				CLANG_ENABLE_OBJC_ARC = YES;
				CLANG_WARN_BOOL_CONVERSION = YES;
				CLANG_WARN_CONSTANT_CONVERSION = YES;
				CLANG_WARN_DIRECT_OBJC_ISA_USAGE = YES_ERROR;
				CLANG_WARN_DOCUMENTATION_COMMENTS = YES;
				CLANG_WARN_EMPTY_BODY = YES;
				CLANG_WARN_ENUM_CONVERSION = YES;
				CLANG_WARN_INFINITE_RECURSION = YES;
				CLANG_WARN_INT_CONVERSION = YES;
				CLANG_WARN_OBJC_ROOT_CLASS = YES_ERROR;
				CLANG_WARN_SUSPICIOUS_MOVE = YES;
				CLANG_WARN_UNREACHABLE_CODE = YES;
				CLANG_WARN__DUPLICATE_METHOD_MATCH = YES;
				"CODE_SIGN_IDENTITY[sdk=iphoneos*]" = "iPhone Developer";
				COPY_PHASE_STRIP = NO;
				DEBUG_INFORMATION_FORMAT = dwarf;
				ENABLE_STRICT_OBJC_MSGSEND = YES;
				ENABLE_TESTABILITY = YES;
				GCC_C_LANGUAGE_STANDARD = gnu99;
				GCC_DYNAMIC_NO_PIC = NO;
				GCC_NO_COMMON_BLOCKS = YES;
				GCC_OPTIMIZATION_LEVEL = 0;
				GCC_PREPROCESSOR_DEFINITIONS = (
					"DEBUG=1",
					"$(inherited)",
				);
				GCC_WARN_64_TO_32_BIT_CONVERSION = YES;
				GCC_WARN_ABOUT_RETURN_TYPE = YES_ERROR;
				GCC_WARN_UNDECLARED_SELECTOR = YES;
				GCC_WARN_UNINITIALIZED_AUTOS = YES_AGGRESSIVE;
				GCC_WARN_UNUSED_FUNCTION = YES;
				GCC_WARN_UNUSED_VARIABLE = YES;
				IPHONEOS_DEPLOYMENT_TARGET = 10.2;
				MTL_ENABLE_DEBUG_INFO = YES;
				ONLY_ACTIVE_ARCH = YES;
				SDKROOT = iphoneos;
				TARGETED_DEVICE_FAMILY = "1,2";
			};
			name = Debug;
		};
		442F48611E31CC1000FB0561 /* Release */ = {
			isa = XCBuildConfiguration;
			buildSettings = {
				ALWAYS_SEARCH_USER_PATHS = NO;
				CLANG_ANALYZER_NONNULL = YES;
				CLANG_CXX_LANGUAGE_STANDARD = "gnu++0x";
				CLANG_CXX_LIBRARY = "libc++";
				CLANG_ENABLE_MODULES = YES;
				CLANG_ENABLE_OBJC_ARC = YES;
				CLANG_WARN_BOOL_CONVERSION = YES;
				CLANG_WARN_CONSTANT_CONVERSION = YES;
				CLANG_WARN_DIRECT_OBJC_ISA_USAGE = YES_ERROR;
				CLANG_WARN_DOCUMENTATION_COMMENTS = YES;
				CLANG_WARN_EMPTY_BODY = YES;
				CLANG_WARN_ENUM_CONVERSION = YES;
				CLANG_WARN_INFINITE_RECURSION = YES;
				CLANG_WARN_INT_CONVERSION = YES;
				CLANG_WARN_OBJC_ROOT_CLASS = YES_ERROR;
				CLANG_WARN_SUSPICIOUS_MOVE = YES;
				CLANG_WARN_UNREACHABLE_CODE = YES;
				CLANG_WARN__DUPLICATE_METHOD_MATCH = YES;
				"CODE_SIGN_IDENTITY[sdk=iphoneos*]" = "iPhone Developer";
				COPY_PHASE_STRIP = NO;
				DEBUG_INFORMATION_FORMAT = "dwarf-with-dsym";
				ENABLE_NS_ASSERTIONS = NO;
				ENABLE_STRICT_OBJC_MSGSEND = YES;
				GCC_C_LANGUAGE_STANDARD = gnu99;
				GCC_NO_COMMON_BLOCKS = YES;
				GCC_WARN_64_TO_32_BIT_CONVERSION = YES;
				GCC_WARN_ABOUT_RETURN_TYPE = YES_ERROR;
				GCC_WARN_UNDECLARED_SELECTOR = YES;
				GCC_WARN_UNINITIALIZED_AUTOS = YES_AGGRESSIVE;
				GCC_WARN_UNUSED_FUNCTION = YES;
				GCC_WARN_UNUSED_VARIABLE = YES;
				IPHONEOS_DEPLOYMENT_TARGET = 10.2;
				MTL_ENABLE_DEBUG_INFO = NO;
				SDKROOT = iphoneos;
				TARGETED_DEVICE_FAMILY = "1,2";
				VALIDATE_PRODUCT = YES;
			};
			name = Release;
		};
		442F48631E31CC1000FB0561 /* Debug */ = {
			isa = XCBuildConfiguration;
			buildSettings = {
				ASSETCATALOG_COMPILER_APPICON_NAME = AppIcon;
				CODE_SIGN_ENTITLEMENTS = Sharmunity/Sharmunity.entitlements;
				DEVELOPMENT_TEAM = T844TE94T5;
				INFOPLIST_FILE = Sharmunity/Info.plist;
				IPHONEOS_DEPLOYMENT_TARGET = 10.0;
				LD_RUNPATH_SEARCH_PATHS = "$(inherited) @executable_path/Frameworks";
				PRODUCT_BUNDLE_IDENTIFIER = SY.Sharmunity;
				PRODUCT_NAME = "$(TARGET_NAME)";
				TARGETED_DEVICE_FAMILY = 1;
			};
			name = Debug;
		};
		442F48641E31CC1000FB0561 /* Release */ = {
			isa = XCBuildConfiguration;
			buildSettings = {
				ASSETCATALOG_COMPILER_APPICON_NAME = AppIcon;
				CODE_SIGN_ENTITLEMENTS = Sharmunity/Sharmunity.entitlements;
				DEVELOPMENT_TEAM = T844TE94T5;
				INFOPLIST_FILE = Sharmunity/Info.plist;
				IPHONEOS_DEPLOYMENT_TARGET = 10.0;
				LD_RUNPATH_SEARCH_PATHS = "$(inherited) @executable_path/Frameworks";
				PRODUCT_BUNDLE_IDENTIFIER = SY.Sharmunity;
				PRODUCT_NAME = "$(TARGET_NAME)";
				TARGETED_DEVICE_FAMILY = 1;
			};
			name = Release;
		};
		442F48661E31CC1000FB0561 /* Debug */ = {
			isa = XCBuildConfiguration;
			buildSettings = {
				BUNDLE_LOADER = "$(TEST_HOST)";
				DEVELOPMENT_TEAM = T844TE94T5;
				INFOPLIST_FILE = SharmunityTests/Info.plist;
				LD_RUNPATH_SEARCH_PATHS = "$(inherited) @executable_path/Frameworks @loader_path/Frameworks";
				PRODUCT_BUNDLE_IDENTIFIER = Andy.SharmunityTests;
				PRODUCT_NAME = "$(TARGET_NAME)";
				TEST_HOST = "$(BUILT_PRODUCTS_DIR)/Sharmunity.app/Sharmunity";
			};
			name = Debug;
		};
		442F48671E31CC1000FB0561 /* Release */ = {
			isa = XCBuildConfiguration;
			buildSettings = {
				BUNDLE_LOADER = "$(TEST_HOST)";
				DEVELOPMENT_TEAM = T844TE94T5;
				INFOPLIST_FILE = SharmunityTests/Info.plist;
				LD_RUNPATH_SEARCH_PATHS = "$(inherited) @executable_path/Frameworks @loader_path/Frameworks";
				PRODUCT_BUNDLE_IDENTIFIER = Andy.SharmunityTests;
				PRODUCT_NAME = "$(TARGET_NAME)";
				TEST_HOST = "$(BUILT_PRODUCTS_DIR)/Sharmunity.app/Sharmunity";
			};
			name = Release;
		};
		442F48691E31CC1000FB0561 /* Debug */ = {
			isa = XCBuildConfiguration;
			buildSettings = {
				DEVELOPMENT_TEAM = T844TE94T5;
				INFOPLIST_FILE = SharmunityUITests/Info.plist;
				LD_RUNPATH_SEARCH_PATHS = "$(inherited) @executable_path/Frameworks @loader_path/Frameworks";
				PRODUCT_BUNDLE_IDENTIFIER = Andy.SharmunityUITests;
				PRODUCT_NAME = "$(TARGET_NAME)";
				TEST_TARGET_NAME = Sharmunity;
			};
			name = Debug;
		};
		442F486A1E31CC1000FB0561 /* Release */ = {
			isa = XCBuildConfiguration;
			buildSettings = {
				DEVELOPMENT_TEAM = T844TE94T5;
				INFOPLIST_FILE = SharmunityUITests/Info.plist;
				LD_RUNPATH_SEARCH_PATHS = "$(inherited) @executable_path/Frameworks @loader_path/Frameworks";
				PRODUCT_BUNDLE_IDENTIFIER = Andy.SharmunityUITests;
				PRODUCT_NAME = "$(TARGET_NAME)";
				TEST_TARGET_NAME = Sharmunity;
			};
			name = Release;
		};
/* End XCBuildConfiguration section */

/* Begin XCConfigurationList section */
		442F482D1E31CC0F00FB0561 /* Build configuration list for PBXProject "Sharmunity" */ = {
			isa = XCConfigurationList;
			buildConfigurations = (
				442F48601E31CC1000FB0561 /* Debug */,
				442F48611E31CC1000FB0561 /* Release */,
			);
			defaultConfigurationIsVisible = 0;
			defaultConfigurationName = Release;
		};
		442F48621E31CC1000FB0561 /* Build configuration list for PBXNativeTarget "Sharmunity" */ = {
			isa = XCConfigurationList;
			buildConfigurations = (
				442F48631E31CC1000FB0561 /* Debug */,
				442F48641E31CC1000FB0561 /* Release */,
			);
			defaultConfigurationIsVisible = 0;
			defaultConfigurationName = Release;
		};
		442F48651E31CC1000FB0561 /* Build configuration list for PBXNativeTarget "SharmunityTests" */ = {
			isa = XCConfigurationList;
			buildConfigurations = (
				442F48661E31CC1000FB0561 /* Debug */,
				442F48671E31CC1000FB0561 /* Release */,
			);
			defaultConfigurationIsVisible = 0;
			defaultConfigurationName = Release;
		};
		442F48681E31CC1000FB0561 /* Build configuration list for PBXNativeTarget "SharmunityUITests" */ = {
			isa = XCConfigurationList;
			buildConfigurations = (
				442F48691E31CC1000FB0561 /* Debug */,
				442F486A1E31CC1000FB0561 /* Release */,
			);
			defaultConfigurationIsVisible = 0;
			defaultConfigurationName = Release;
		};
/* End XCConfigurationList section */
	};
	rootObject = 442F482A1E31CC0F00FB0561 /* Project object */;
}
